// !$*UTF8*$!
{
	archiveVersion = 1;
	classes = {
	};
	objectVersion = 48;
	objects = {

/* Begin PBXBuildFile section */
		501EED3720B6E04D003FAD06 /* MainViewController.m in Sources */ = {isa = PBXBuildFile; fileRef = 501EED3620B6E04D003FAD06 /* MainViewController.m */; };
		5028619E20BC350E006EABBA /* MainToolBean.m in Sources */ = {isa = PBXBuildFile; fileRef = 5028619920BC350E006EABBA /* MainToolBean.m */; };
		5028619F20BC350E006EABBA /* MainList.plist in Resources */ = {isa = PBXBuildFile; fileRef = 5028619A20BC350E006EABBA /* MainList.plist */; };
		502861A020BC350E006EABBA /* MainTypeBean.m in Sources */ = {isa = PBXBuildFile; fileRef = 5028619C20BC350E006EABBA /* MainTypeBean.m */; };
		50448CF020B6DD0700E4FFD0 /* AppDelegate.m in Sources */ = {isa = PBXBuildFile; fileRef = 50448CEF20B6DD0700E4FFD0 /* AppDelegate.m */; };
		50448CF820B6DD0700E4FFD0 /* Assets.xcassets in Resources */ = {isa = PBXBuildFile; fileRef = 50448CF720B6DD0700E4FFD0 /* Assets.xcassets */; };
		50448CFE20B6DD0700E4FFD0 /* main.m in Sources */ = {isa = PBXBuildFile; fileRef = 50448CFD20B6DD0700E4FFD0 /* main.m */; };
		505A993B20BE3D2A0084B7DA /* KVOViewController.m in Sources */ = {isa = PBXBuildFile; fileRef = 505A993A20BE3D2A0084B7DA /* KVOViewController.m */; };
		505A993E20BE3E6A0084B7DA /* KVOBean.m in Sources */ = {isa = PBXBuildFile; fileRef = 505A993D20BE3E6A0084B7DA /* KVOBean.m */; };
		505A994220BE76630084B7DA /* CopyViewController.m in Sources */ = {isa = PBXBuildFile; fileRef = 505A994120BE76630084B7DA /* CopyViewController.m */; };
		505A994520BE7B190084B7DA /* CopyBean.m in Sources */ = {isa = PBXBuildFile; fileRef = 505A994420BE7B190084B7DA /* CopyBean.m */; };
		551BB02520BDBB520004E55B /* MainManager.m in Sources */ = {isa = PBXBuildFile; fileRef = 551BB02420BDBB520004E55B /* MainManager.m */; };
		551BB04B20BDC9F30004E55B /* GCDViewController.m in Sources */ = {isa = PBXBuildFile; fileRef = 551BB04A20BDC9F30004E55B /* GCDViewController.m */; };
		9057B2D420CA5C103DC0D081 /* libPods-Easy-All 2.0.a in Frameworks */ = {isa = PBXBuildFile; fileRef = F940BCCFA6EEE85C79177D88 /* libPods-Easy-All 2.0.a */; };
/* End PBXBuildFile section */

/* Begin PBXFileReference section */
		501EED3520B6E04D003FAD06 /* MainViewController.h */ = {isa = PBXFileReference; lastKnownFileType = sourcecode.c.h; path = MainViewController.h; sourceTree = "<group>"; };
		501EED3620B6E04D003FAD06 /* MainViewController.m */ = {isa = PBXFileReference; lastKnownFileType = sourcecode.c.objc; path = MainViewController.m; sourceTree = "<group>"; };
		5028619820BC34D7006EABBA /* PrefixHeader.pch */ = {isa = PBXFileReference; lastKnownFileType = sourcecode.c.h; path = PrefixHeader.pch; sourceTree = "<group>"; };
		5028619920BC350E006EABBA /* MainToolBean.m */ = {isa = PBXFileReference; fileEncoding = 4; lastKnownFileType = sourcecode.c.objc; path = MainToolBean.m; sourceTree = "<group>"; };
		5028619A20BC350E006EABBA /* MainList.plist */ = {isa = PBXFileReference; fileEncoding = 4; lastKnownFileType = text.plist.xml; path = MainList.plist; sourceTree = "<group>"; };
		5028619B20BC350E006EABBA /* MainTypeBean.h */ = {isa = PBXFileReference; fileEncoding = 4; lastKnownFileType = sourcecode.c.h; path = MainTypeBean.h; sourceTree = "<group>"; };
		5028619C20BC350E006EABBA /* MainTypeBean.m */ = {isa = PBXFileReference; fileEncoding = 4; lastKnownFileType = sourcecode.c.objc; path = MainTypeBean.m; sourceTree = "<group>"; };
		5028619D20BC350E006EABBA /* MainToolBean.h */ = {isa = PBXFileReference; fileEncoding = 4; lastKnownFileType = sourcecode.c.h; path = MainToolBean.h; sourceTree = "<group>"; };
		50448CEB20B6DD0700E4FFD0 /* Easy-All 2.0.app */ = {isa = PBXFileReference; explicitFileType = wrapper.application; includeInIndex = 0; path = "Easy-All 2.0.app"; sourceTree = BUILT_PRODUCTS_DIR; };
		50448CEE20B6DD0700E4FFD0 /* AppDelegate.h */ = {isa = PBXFileReference; lastKnownFileType = sourcecode.c.h; path = AppDelegate.h; sourceTree = "<group>"; };
		50448CEF20B6DD0700E4FFD0 /* AppDelegate.m */ = {isa = PBXFileReference; lastKnownFileType = sourcecode.c.objc; path = AppDelegate.m; sourceTree = "<group>"; };
		50448CF720B6DD0700E4FFD0 /* Assets.xcassets */ = {isa = PBXFileReference; lastKnownFileType = folder.assetcatalog; path = Assets.xcassets; sourceTree = "<group>"; };
		50448CFC20B6DD0700E4FFD0 /* Info.plist */ = {isa = PBXFileReference; lastKnownFileType = text.plist.xml; path = Info.plist; sourceTree = "<group>"; };
		50448CFD20B6DD0700E4FFD0 /* main.m */ = {isa = PBXFileReference; lastKnownFileType = sourcecode.c.objc; path = main.m; sourceTree = "<group>"; };
		505A993920BE3D2A0084B7DA /* KVOViewController.h */ = {isa = PBXFileReference; lastKnownFileType = sourcecode.c.h; path = KVOViewController.h; sourceTree = "<group>"; };
		505A993A20BE3D2A0084B7DA /* KVOViewController.m */ = {isa = PBXFileReference; lastKnownFileType = sourcecode.c.objc; path = KVOViewController.m; sourceTree = "<group>"; };
		505A993C20BE3E6A0084B7DA /* KVOBean.h */ = {isa = PBXFileReference; lastKnownFileType = sourcecode.c.h; path = KVOBean.h; sourceTree = "<group>"; };
		505A993D20BE3E6A0084B7DA /* KVOBean.m */ = {isa = PBXFileReference; lastKnownFileType = sourcecode.c.objc; path = KVOBean.m; sourceTree = "<group>"; };
		505A994020BE76630084B7DA /* CopyViewController.h */ = {isa = PBXFileReference; lastKnownFileType = sourcecode.c.h; path = CopyViewController.h; sourceTree = "<group>"; };
		505A994120BE76630084B7DA /* CopyViewController.m */ = {isa = PBXFileReference; lastKnownFileType = sourcecode.c.objc; path = CopyViewController.m; sourceTree = "<group>"; };
		505A994320BE7B190084B7DA /* CopyBean.h */ = {isa = PBXFileReference; lastKnownFileType = sourcecode.c.h; path = CopyBean.h; sourceTree = "<group>"; };
		505A994420BE7B190084B7DA /* CopyBean.m */ = {isa = PBXFileReference; lastKnownFileType = sourcecode.c.objc; path = CopyBean.m; sourceTree = "<group>"; };
		551BB02320BDBB520004E55B /* MainManager.h */ = {isa = PBXFileReference; lastKnownFileType = sourcecode.c.h; path = MainManager.h; sourceTree = "<group>"; };
		551BB02420BDBB520004E55B /* MainManager.m */ = {isa = PBXFileReference; lastKnownFileType = sourcecode.c.objc; path = MainManager.m; sourceTree = "<group>"; };
		551BB04920BDC9F30004E55B /* GCDViewController.h */ = {isa = PBXFileReference; lastKnownFileType = sourcecode.c.h; path = GCDViewController.h; sourceTree = "<group>"; };
		551BB04A20BDC9F30004E55B /* GCDViewController.m */ = {isa = PBXFileReference; lastKnownFileType = sourcecode.c.objc; path = GCDViewController.m; sourceTree = "<group>"; };
		714641612C3BD83443100705 /* Pods-Easy-All 2.0.release.xcconfig */ = {isa = PBXFileReference; includeInIndex = 1; lastKnownFileType = text.xcconfig; name = "Pods-Easy-All 2.0.release.xcconfig"; path = "Pods/Target Support Files/Pods-Easy-All 2.0/Pods-Easy-All 2.0.release.xcconfig"; sourceTree = "<group>"; };
		A7F6158C0B0C30697B3DD5AE /* Pods-Easy-All 2.0.debug.xcconfig */ = {isa = PBXFileReference; includeInIndex = 1; lastKnownFileType = text.xcconfig; name = "Pods-Easy-All 2.0.debug.xcconfig"; path = "Pods/Target Support Files/Pods-Easy-All 2.0/Pods-Easy-All 2.0.debug.xcconfig"; sourceTree = "<group>"; };
		F940BCCFA6EEE85C79177D88 /* libPods-Easy-All 2.0.a */ = {isa = PBXFileReference; explicitFileType = archive.ar; includeInIndex = 0; path = "libPods-Easy-All 2.0.a"; sourceTree = BUILT_PRODUCTS_DIR; };
/* End PBXFileReference section */

/* Begin PBXFrameworksBuildPhase section */
		50448CE820B6DD0700E4FFD0 /* Frameworks */ = {
			isa = PBXFrameworksBuildPhase;
			buildActionMask = 2147483647;
			files = (
				9057B2D420CA5C103DC0D081 /* libPods-Easy-All 2.0.a in Frameworks */,
			);
			runOnlyForDeploymentPostprocessing = 0;
		};
/* End PBXFrameworksBuildPhase section */

/* Begin PBXGroup section */
		2241E9E86A2EC0ED48F7C668 /* Pods */ = {
			isa = PBXGroup;
			children = (
				A7F6158C0B0C30697B3DD5AE /* Pods-Easy-All 2.0.debug.xcconfig */,
				714641612C3BD83443100705 /* Pods-Easy-All 2.0.release.xcconfig */,
			);
			name = Pods;
			sourceTree = "<group>";
		};
		501EED3420B6E033003FAD06 /* Main */ = {
			isa = PBXGroup;
			children = (
				501EED3520B6E04D003FAD06 /* MainViewController.h */,
				501EED3620B6E04D003FAD06 /* MainViewController.m */,
				5028619A20BC350E006EABBA /* MainList.plist */,
				5028619B20BC350E006EABBA /* MainTypeBean.h */,
				5028619C20BC350E006EABBA /* MainTypeBean.m */,
				5028619D20BC350E006EABBA /* MainToolBean.h */,
				5028619920BC350E006EABBA /* MainToolBean.m */,
				551BB02320BDBB520004E55B /* MainManager.h */,
				551BB02420BDBB520004E55B /* MainManager.m */,
			);
			path = Main;
			sourceTree = "<group>";
		};
		50448CE220B6DD0700E4FFD0 = {
			isa = PBXGroup;
			children = (
				50448CED20B6DD0700E4FFD0 /* Easy-All 2.0 */,
				50448CEC20B6DD0700E4FFD0 /* Products */,
				2241E9E86A2EC0ED48F7C668 /* Pods */,
				83266495931E1BBAE607A81D /* Frameworks */,
			);
			sourceTree = "<group>";
		};
		50448CEC20B6DD0700E4FFD0 /* Products */ = {
			isa = PBXGroup;
			children = (
				50448CEB20B6DD0700E4FFD0 /* Easy-All 2.0.app */,
			);
			name = Products;
			sourceTree = "<group>";
		};
		50448CED20B6DD0700E4FFD0 /* Easy-All 2.0 */ = {
			isa = PBXGroup;
			children = (
				505A993F20BE76500084B7DA /* Copy */,
				505A993820BE3CFE0084B7DA /* KVO */,
				551BB04820BDC9E90004E55B /* GCD */,
				501EED3420B6E033003FAD06 /* Main */,
				50448CEE20B6DD0700E4FFD0 /* AppDelegate.h */,
				50448CEF20B6DD0700E4FFD0 /* AppDelegate.m */,
				5028619820BC34D7006EABBA /* PrefixHeader.pch */,
				50448CF720B6DD0700E4FFD0 /* Assets.xcassets */,
				50448CFC20B6DD0700E4FFD0 /* Info.plist */,
				50448CFD20B6DD0700E4FFD0 /* main.m */,
			);
			path = "Easy-All 2.0";
			sourceTree = "<group>";
		};
		505A993820BE3CFE0084B7DA /* KVO */ = {
			isa = PBXGroup;
			children = (
				505A993920BE3D2A0084B7DA /* KVOViewController.h */,
				505A993A20BE3D2A0084B7DA /* KVOViewController.m */,
				505A993C20BE3E6A0084B7DA /* KVOBean.h */,
				505A993D20BE3E6A0084B7DA /* KVOBean.m */,
			);
			path = KVO;
			sourceTree = "<group>";
		};
		505A993F20BE76500084B7DA /* Copy */ = {
			isa = PBXGroup;
			children = (
				505A994020BE76630084B7DA /* CopyViewController.h */,
				505A994120BE76630084B7DA /* CopyViewController.m */,
				505A994320BE7B190084B7DA /* CopyBean.h */,
				505A994420BE7B190084B7DA /* CopyBean.m */,
			);
			path = Copy;
			sourceTree = "<group>";
		};
		551BB04820BDC9E90004E55B /* GCD */ = {
			isa = PBXGroup;
			children = (
				551BB04920BDC9F30004E55B /* GCDViewController.h */,
				551BB04A20BDC9F30004E55B /* GCDViewController.m */,
			);
			path = GCD;
			sourceTree = "<group>";
		};
		83266495931E1BBAE607A81D /* Frameworks */ = {
			isa = PBXGroup;
			children = (
				F940BCCFA6EEE85C79177D88 /* libPods-Easy-All 2.0.a */,
			);
			name = Frameworks;
			sourceTree = "<group>";
		};
/* End PBXGroup section */

/* Begin PBXNativeTarget section */
		50448CEA20B6DD0700E4FFD0 /* Easy-All 2.0 */ = {
			isa = PBXNativeTarget;
			buildConfigurationList = 50448D0120B6DD0700E4FFD0 /* Build configuration list for PBXNativeTarget "Easy-All 2.0" */;
			buildPhases = (
				AA925041A7B9D81FFFA75FF7 /* [CP] Check Pods Manifest.lock */,
				50448CE720B6DD0700E4FFD0 /* Sources */,
				50448CE820B6DD0700E4FFD0 /* Frameworks */,
				50448CE920B6DD0700E4FFD0 /* Resources */,
			);
			buildRules = (
			);
			dependencies = (
			);
			name = "Easy-All 2.0";
			productName = "Easy-All 2.0";
			productReference = 50448CEB20B6DD0700E4FFD0 /* Easy-All 2.0.app */;
			productType = "com.apple.product-type.application";
		};
/* End PBXNativeTarget section */

/* Begin PBXProject section */
		50448CE320B6DD0700E4FFD0 /* Project object */ = {
			isa = PBXProject;
			attributes = {
				LastUpgradeCheck = 0900;
				ORGANIZATIONNAME = "陈舒澳";
				TargetAttributes = {
					50448CEA20B6DD0700E4FFD0 = {
						CreatedOnToolsVersion = 9.0;
						ProvisioningStyle = Manual;
					};
				};
			};
			buildConfigurationList = 50448CE620B6DD0700E4FFD0 /* Build configuration list for PBXProject "Easy-All 2.0" */;
			compatibilityVersion = "Xcode 8.0";
			developmentRegion = en;
			hasScannedForEncodings = 0;
			knownRegions = (
				en,
				Base,
			);
			mainGroup = 50448CE220B6DD0700E4FFD0;
			productRefGroup = 50448CEC20B6DD0700E4FFD0 /* Products */;
			projectDirPath = "";
			projectRoot = "";
			targets = (
				50448CEA20B6DD0700E4FFD0 /* Easy-All 2.0 */,
			);
		};
/* End PBXProject section */

/* Begin PBXResourcesBuildPhase section */
		50448CE920B6DD0700E4FFD0 /* Resources */ = {
			isa = PBXResourcesBuildPhase;
			buildActionMask = 2147483647;
			files = (
				50448CF820B6DD0700E4FFD0 /* Assets.xcassets in Resources */,
				5028619F20BC350E006EABBA /* MainList.plist in Resources */,
			);
			runOnlyForDeploymentPostprocessing = 0;
		};
/* End PBXResourcesBuildPhase section */

/* Begin PBXShellScriptBuildPhase section */
		AA925041A7B9D81FFFA75FF7 /* [CP] Check Pods Manifest.lock */ = {
			isa = PBXShellScriptBuildPhase;
			buildActionMask = 2147483647;
			files = (
			);
			inputPaths = (
				"${PODS_PODFILE_DIR_PATH}/Podfile.lock",
				"${PODS_ROOT}/Manifest.lock",
			);
			name = "[CP] Check Pods Manifest.lock";
			outputPaths = (
				"$(DERIVED_FILE_DIR)/Pods-Easy-All 2.0-checkManifestLockResult.txt",
			);
			runOnlyForDeploymentPostprocessing = 0;
			shellPath = /bin/sh;
			shellScript = "diff \"${PODS_PODFILE_DIR_PATH}/Podfile.lock\" \"${PODS_ROOT}/Manifest.lock\" > /dev/null\nif [ $? != 0 ] ; then\n    # print error to STDERR\n    echo \"error: The sandbox is not in sync with the Podfile.lock. Run 'pod install' or update your CocoaPods installation.\" >&2\n    exit 1\nfi\n# This output is used by Xcode 'outputs' to avoid re-running this script phase.\necho \"SUCCESS\" > \"${SCRIPT_OUTPUT_FILE_0}\"\n";
			showEnvVarsInLog = 0;
		};
/* End PBXShellScriptBuildPhase section */

/* Begin PBXSourcesBuildPhase section */
		50448CE720B6DD0700E4FFD0 /* Sources */ = {
			isa = PBXSourcesBuildPhase;
			buildActionMask = 2147483647;
			files = (
				50448CFE20B6DD0700E4FFD0 /* main.m in Sources */,
				501EED3720B6E04D003FAD06 /* MainViewController.m in Sources */,
				505A993E20BE3E6A0084B7DA /* KVOBean.m in Sources */,
				551BB02520BDBB520004E55B /* MainManager.m in Sources */,
				502861A020BC350E006EABBA /* MainTypeBean.m in Sources */,
				505A994220BE76630084B7DA /* CopyViewController.m in Sources */,
				551BB04B20BDC9F30004E55B /* GCDViewController.m in Sources */,
				505A993B20BE3D2A0084B7DA /* KVOViewController.m in Sources */,
				5028619E20BC350E006EABBA /* MainToolBean.m in Sources */,
				50448CF020B6DD0700E4FFD0 /* AppDelegate.m in Sources */,
				505A994520BE7B190084B7DA /* CopyBean.m in Sources */,
			);
			runOnlyForDeploymentPostprocessing = 0;
		};
/* End PBXSourcesBuildPhase section */

/* Begin XCBuildConfiguration section */
		50448CFF20B6DD0700E4FFD0 /* Debug */ = {
			isa = XCBuildConfiguration;
			buildSettings = {
				ALWAYS_SEARCH_USER_PATHS = NO;
				CLANG_ANALYZER_NONNULL = YES;
				CLANG_ANALYZER_NUMBER_OBJECT_CONVERSION = YES_AGGRESSIVE;
				CLANG_CXX_LANGUAGE_STANDARD = "gnu++14";
				CLANG_CXX_LIBRARY = "libc++";
				CLANG_ENABLE_MODULES = YES;
				CLANG_ENABLE_OBJC_ARC = YES;
				CLANG_WARN_BLOCK_CAPTURE_AUTORELEASING = YES;
				CLANG_WARN_BOOL_CONVERSION = YES;
				CLANG_WARN_COMMA = YES;
				CLANG_WARN_CONSTANT_CONVERSION = YES;
				CLANG_WARN_DIRECT_OBJC_ISA_USAGE = YES_ERROR;
				CLANG_WARN_DOCUMENTATION_COMMENTS = YES;
				CLANG_WARN_EMPTY_BODY = YES;
				CLANG_WARN_ENUM_CONVERSION = YES;
				CLANG_WARN_INFINITE_RECURSION = YES;
				CLANG_WARN_INT_CONVERSION = YES;
				CLANG_WARN_NON_LITERAL_NULL_CONVERSION = YES;
				CLANG_WARN_OBJC_LITERAL_CONVERSION = YES;
				CLANG_WARN_OBJC_ROOT_CLASS = YES_ERROR;
				CLANG_WARN_RANGE_LOOP_ANALYSIS = YES;
				CLANG_WARN_STRICT_PROTOTYPES = YES;
				CLANG_WARN_SUSPICIOUS_MOVE = YES;
				CLANG_WARN_UNGUARDED_AVAILABILITY = YES_AGGRESSIVE;
				CLANG_WARN_UNREACHABLE_CODE = YES;
				CLANG_WARN__DUPLICATE_METHOD_MATCH = YES;
				CODE_SIGN_IDENTITY = "iPhone Developer";
				COPY_PHASE_STRIP = NO;
				DEBUG_INFORMATION_FORMAT = dwarf;
				ENABLE_STRICT_OBJC_MSGSEND = YES;
				ENABLE_TESTABILITY = YES;
				GCC_C_LANGUAGE_STANDARD = gnu11;
				GCC_DYNAMIC_NO_PIC = NO;
				GCC_NO_COMMON_BLOCKS = YES;
				GCC_OPTIMIZATION_LEVEL = 0;
				GCC_PREPROCESSOR_DEFINITIONS = (
					"DEBUG=1",
					"$(inherited)",
				);
				GCC_WARN_64_TO_32_BIT_CONVERSION = YES;
				GCC_WARN_ABOUT_RETURN_TYPE = YES_ERROR;
				GCC_WARN_UNDECLARED_SELECTOR = YES;
				GCC_WARN_UNINITIALIZED_AUTOS = YES_AGGRESSIVE;
				GCC_WARN_UNUSED_FUNCTION = YES;
				GCC_WARN_UNUSED_VARIABLE = YES;
				IPHONEOS_DEPLOYMENT_TARGET = 11.0;
				MTL_ENABLE_DEBUG_INFO = YES;
				ONLY_ACTIVE_ARCH = YES;
				SDKROOT = iphoneos;
			};
			name = Debug;
		};
		50448D0020B6DD0700E4FFD0 /* Release */ = {
			isa = XCBuildConfiguration;
			buildSettings = {
				ALWAYS_SEARCH_USER_PATHS = NO;
				CLANG_ANALYZER_NONNULL = YES;
				CLANG_ANALYZER_NUMBER_OBJECT_CONVERSION = YES_AGGRESSIVE;
				CLANG_CXX_LANGUAGE_STANDARD = "gnu++14";
				CLANG_CXX_LIBRARY = "libc++";
				CLANG_ENABLE_MODULES = YES;
				CLANG_ENABLE_OBJC_ARC = YES;
				CLANG_WARN_BLOCK_CAPTURE_AUTORELEASING = YES;
				CLANG_WARN_BOOL_CONVERSION = YES;
				CLANG_WARN_COMMA = YES;
				CLANG_WARN_CONSTANT_CONVERSION = YES;
				CLANG_WARN_DIRECT_OBJC_ISA_USAGE = YES_ERROR;
				CLANG_WARN_DOCUMENTATION_COMMENTS = YES;
				CLANG_WARN_EMPTY_BODY = YES;
				CLANG_WARN_ENUM_CONVERSION = YES;
				CLANG_WARN_INFINITE_RECURSION = YES;
				CLANG_WARN_INT_CONVERSION = YES;
				CLANG_WARN_NON_LITERAL_NULL_CONVERSION = YES;
				CLANG_WARN_OBJC_LITERAL_CONVERSION = YES;
				CLANG_WARN_OBJC_ROOT_CLASS = YES_ERROR;
				CLANG_WARN_RANGE_LOOP_ANALYSIS = YES;
				CLANG_WARN_STRICT_PROTOTYPES = YES;
				CLANG_WARN_SUSPICIOUS_MOVE = YES;
				CLANG_WARN_UNGUARDED_AVAILABILITY = YES_AGGRESSIVE;
				CLANG_WARN_UNREACHABLE_CODE = YES;
				CLANG_WARN__DUPLICATE_METHOD_MATCH = YES;
				CODE_SIGN_IDENTITY = "iPhone Developer";
				COPY_PHASE_STRIP = NO;
				DEBUG_INFORMATION_FORMAT = "dwarf-with-dsym";
				ENABLE_NS_ASSERTIONS = NO;
				ENABLE_STRICT_OBJC_MSGSEND = YES;
				GCC_C_LANGUAGE_STANDARD = gnu11;
				GCC_NO_COMMON_BLOCKS = YES;
				GCC_WARN_64_TO_32_BIT_CONVERSION = YES;
				GCC_WARN_ABOUT_RETURN_TYPE = YES_ERROR;
				GCC_WARN_UNDECLARED_SELECTOR = YES;
				GCC_WARN_UNINITIALIZED_AUTOS = YES_AGGRESSIVE;
				GCC_WARN_UNUSED_FUNCTION = YES;
				GCC_WARN_UNUSED_VARIABLE = YES;
				IPHONEOS_DEPLOYMENT_TARGET = 11.0;
				MTL_ENABLE_DEBUG_INFO = NO;
				SDKROOT = iphoneos;
				VALIDATE_PRODUCT = YES;
			};
			name = Release;
		};
		50448D0220B6DD0700E4FFD0 /* Debug */ = {
			isa = XCBuildConfiguration;
			baseConfigurationReference = A7F6158C0B0C30697B3DD5AE /* Pods-Easy-All 2.0.debug.xcconfig */;
			buildSettings = {
				ASSETCATALOG_COMPILER_APPICON_NAME = AppIcon;
				ASSETCATALOG_COMPILER_LAUNCHIMAGE_NAME = LaunchImage;
				"CODE_SIGN_IDENTITY[sdk=iphoneos*]" = "iPhone Developer";
				CODE_SIGN_STYLE = Manual;
				DEVELOPMENT_TEAM = BT9788MKNS;
				GCC_PREFIX_HEADER = "Easy-All 2.0/PrefixHeader.pch";
				INFOPLIST_FILE = "Easy-All 2.0/Info.plist";
				IPHONEOS_DEPLOYMENT_TARGET = 8.0;
				LD_RUNPATH_SEARCH_PATHS = "$(inherited) @executable_path/Frameworks";
				PRODUCT_BUNDLE_IDENTIFIER = com.Ernitec.Ernitec;
				PRODUCT_NAME = "$(TARGET_NAME)";
				PROVISIONING_PROFILE = "d787454e-3dfb-4d56-a161-40e9b6dfbb20";
				PROVISIONING_PROFILE_SPECIFIER = Ernitec_Development;
				TARGETED_DEVICE_FAMILY = "1,2";
			};
			name = Debug;
		};
		50448D0320B6DD0700E4FFD0 /* Release */ = {
			isa = XCBuildConfiguration;
			baseConfigurationReference = 714641612C3BD83443100705 /* Pods-Easy-All 2.0.release.xcconfig */;
			buildSettings = {
				ASSETCATALOG_COMPILER_APPICON_NAME = AppIcon;
				ASSETCATALOG_COMPILER_LAUNCHIMAGE_NAME = LaunchImage;
				"CODE_SIGN_IDENTITY[sdk=iphoneos*]" = "iPhone Distribution";
				CODE_SIGN_STYLE = Manual;
				DEVELOPMENT_TEAM = BT9788MKNS;
				GCC_PREFIX_HEADER = "Easy-All 2.0/PrefixHeader.pch";
				INFOPLIST_FILE = "Easy-All 2.0/Info.plist";
				IPHONEOS_DEPLOYMENT_TARGET = 8.0;
				LD_RUNPATH_SEARCH_PATHS = "$(inherited) @executable_path/Frameworks";
				PRODUCT_BUNDLE_IDENTIFIER = com.Ernitec.Ernitec;
				PRODUCT_NAME = "$(TARGET_NAME)";
				PROVISIONING_PROFILE = "f0cdeeb4-bdc9-451a-bc0d-ac00a26bbe81";
				PROVISIONING_PROFILE_SPECIFIER = Ernitec_ADHoc;
				TARGETED_DEVICE_FAMILY = "1,2";
			};
			name = Release;
		};
/* End XCBuildConfiguration section */

/* Begin XCConfigurationList section */
		50448CE620B6DD0700E4FFD0 /* Build configuration list for PBXProject "Easy-All 2.0" */ = {
			isa = XCConfigurationList;
			buildConfigurations = (
				50448CFF20B6DD0700E4FFD0 /* Debug */,
				50448D0020B6DD0700E4FFD0 /* Release */,
			);
			defaultConfigurationIsVisible = 0;
			defaultConfigurationName = Release;
		};
		50448D0120B6DD0700E4FFD0 /* Build configuration list for PBXNativeTarget "Easy-All 2.0" */ = {
			isa = XCConfigurationList;
			buildConfigurations = (
				50448D0220B6DD0700E4FFD0 /* Debug */,
				50448D0320B6DD0700E4FFD0 /* Release */,
			);
			defaultConfigurationIsVisible = 0;
			defaultConfigurationName = Release;
		};
/* End XCConfigurationList section */
	};
	rootObject = 50448CE320B6DD0700E4FFD0 /* Project object */;
}
