// !$*UTF8*$!
{
	archiveVersion = 1;
	classes = {
	};
	objectVersion = 48;
	objects = {

/* Begin PBXBuildFile section */
		501EED3720B6E04D003FAD06 /* MainViewController.m in Sources */ = {isa = PBXBuildFile; fileRef = 501EED3620B6E04D003FAD06 /* MainViewController.m */; };
		5028619E20BC350E006EABBA /* MainToolBean.m in Sources */ = {isa = PBXBuildFile; fileRef = 5028619920BC350E006EABBA /* MainToolBean.m */; };
		5028619F20BC350E006EABBA /* MainList.plist in Resources */ = {isa = PBXBuildFile; fileRef = 5028619A20BC350E006EABBA /* MainList.plist */; };
		502861A020BC350E006EABBA /* MainTypeBean.m in Sources */ = {isa = PBXBuildFile; fileRef = 5028619C20BC350E006EABBA /* MainTypeBean.m */; };
		50448CF020B6DD0700E4FFD0 /* AppDelegate.m in Sources */ = {isa = PBXBuildFile; fileRef = 50448CEF20B6DD0700E4FFD0 /* AppDelegate.m */; };
		50448CF820B6DD0700E4FFD0 /* Assets.xcassets in Resources */ = {isa = PBXBuildFile; fileRef = 50448CF720B6DD0700E4FFD0 /* Assets.xcassets */; };
		50448CFE20B6DD0700E4FFD0 /* main.m in Sources */ = {isa = PBXBuildFile; fileRef = 50448CFD20B6DD0700E4FFD0 /* main.m */; };
		505EF68B20C62F4B000700AE /* AccountCellInfo.m in Sources */ = {isa = PBXBuildFile; fileRef = 505EF67220C62F4B000700AE /* AccountCellInfo.m */; };
		505EF68C20C62F4B000700AE /* AccountInfo.m in Sources */ = {isa = PBXBuildFile; fileRef = 505EF67420C62F4B000700AE /* AccountInfo.m */; };
		505EF68D20C62F4B000700AE /* AccountManager+Edit.m in Sources */ = {isa = PBXBuildFile; fileRef = 505EF67620C62F4B000700AE /* AccountManager+Edit.m */; };
		505EF68E20C62F4B000700AE /* AccountManager.m in Sources */ = {isa = PBXBuildFile; fileRef = 505EF67820C62F4B000700AE /* AccountManager.m */; };
		505EF68F20C62F4B000700AE /* AccountEditNameCell.m in Sources */ = {isa = PBXBuildFile; fileRef = 505EF67B20C62F4B000700AE /* AccountEditNameCell.m */; };
		505EF69020C62F4B000700AE /* AccountEditNormalCell.m in Sources */ = {isa = PBXBuildFile; fileRef = 505EF67D20C62F4B000700AE /* AccountEditNormalCell.m */; };
		505EF69120C62F4B000700AE /* AccountEditViewController+CellDelegate.m in Sources */ = {isa = PBXBuildFile; fileRef = 505EF67F20C62F4B000700AE /* AccountEditViewController+CellDelegate.m */; };
		505EF69220C62F4B000700AE /* AccountEditViewController.m in Sources */ = {isa = PBXBuildFile; fileRef = 505EF68120C62F4B000700AE /* AccountEditViewController.m */; };
		505EF69320C62F4B000700AE /* AccountTypeViewController.m in Sources */ = {isa = PBXBuildFile; fileRef = 505EF68320C62F4B000700AE /* AccountTypeViewController.m */; };
		505EF69420C62F4B000700AE /* AccountHomeViewController.m in Sources */ = {isa = PBXBuildFile; fileRef = 505EF68620C62F4B000700AE /* AccountHomeViewController.m */; };
		505EF69520C62F4B000700AE /* TallyHomeViewController.m in Sources */ = {isa = PBXBuildFile; fileRef = 505EF68A20C62F4B000700AE /* TallyHomeViewController.m */; };
		551BB02520BDBB520004E55B /* MainManager.m in Sources */ = {isa = PBXBuildFile; fileRef = 551BB02420BDBB520004E55B /* MainManager.m */; };
		9057B2D420CA5C103DC0D081 /* libPods-Easy-All 2.0.a in Frameworks */ = {isa = PBXBuildFile; fileRef = F940BCCFA6EEE85C79177D88 /* libPods-Easy-All 2.0.a */; };
/* End PBXBuildFile section */

/* Begin PBXFileReference section */
		501EED3520B6E04D003FAD06 /* MainViewController.h */ = {isa = PBXFileReference; lastKnownFileType = sourcecode.c.h; path = MainViewController.h; sourceTree = "<group>"; };
		501EED3620B6E04D003FAD06 /* MainViewController.m */ = {isa = PBXFileReference; lastKnownFileType = sourcecode.c.objc; path = MainViewController.m; sourceTree = "<group>"; };
		5028619820BC34D7006EABBA /* PrefixHeader.pch */ = {isa = PBXFileReference; lastKnownFileType = sourcecode.c.h; path = PrefixHeader.pch; sourceTree = "<group>"; };
		5028619920BC350E006EABBA /* MainToolBean.m */ = {isa = PBXFileReference; fileEncoding = 4; lastKnownFileType = sourcecode.c.objc; path = MainToolBean.m; sourceTree = "<group>"; };
		5028619A20BC350E006EABBA /* MainList.plist */ = {isa = PBXFileReference; fileEncoding = 4; lastKnownFileType = text.plist.xml; path = MainList.plist; sourceTree = "<group>"; };
		5028619B20BC350E006EABBA /* MainTypeBean.h */ = {isa = PBXFileReference; fileEncoding = 4; lastKnownFileType = sourcecode.c.h; path = MainTypeBean.h; sourceTree = "<group>"; };
		5028619C20BC350E006EABBA /* MainTypeBean.m */ = {isa = PBXFileReference; fileEncoding = 4; lastKnownFileType = sourcecode.c.objc; path = MainTypeBean.m; sourceTree = "<group>"; };
		5028619D20BC350E006EABBA /* MainToolBean.h */ = {isa = PBXFileReference; fileEncoding = 4; lastKnownFileType = sourcecode.c.h; path = MainToolBean.h; sourceTree = "<group>"; };
		50448CEB20B6DD0700E4FFD0 /* Easy-All 2.0.app */ = {isa = PBXFileReference; explicitFileType = wrapper.application; includeInIndex = 0; path = "Easy-All 2.0.app"; sourceTree = BUILT_PRODUCTS_DIR; };
		50448CEE20B6DD0700E4FFD0 /* AppDelegate.h */ = {isa = PBXFileReference; lastKnownFileType = sourcecode.c.h; path = AppDelegate.h; sourceTree = "<group>"; };
		50448CEF20B6DD0700E4FFD0 /* AppDelegate.m */ = {isa = PBXFileReference; lastKnownFileType = sourcecode.c.objc; path = AppDelegate.m; sourceTree = "<group>"; };
		50448CF720B6DD0700E4FFD0 /* Assets.xcassets */ = {isa = PBXFileReference; lastKnownFileType = folder.assetcatalog; path = Assets.xcassets; sourceTree = "<group>"; };
		50448CFC20B6DD0700E4FFD0 /* Info.plist */ = {isa = PBXFileReference; lastKnownFileType = text.plist.xml; path = Info.plist; sourceTree = "<group>"; };
		50448CFD20B6DD0700E4FFD0 /* main.m */ = {isa = PBXFileReference; lastKnownFileType = sourcecode.c.objc; path = main.m; sourceTree = "<group>"; };
		505EF67120C62F4B000700AE /* AccountCellInfo.h */ = {isa = PBXFileReference; fileEncoding = 4; lastKnownFileType = sourcecode.c.h; path = AccountCellInfo.h; sourceTree = "<group>"; };
		505EF67220C62F4B000700AE /* AccountCellInfo.m */ = {isa = PBXFileReference; fileEncoding = 4; lastKnownFileType = sourcecode.c.objc; path = AccountCellInfo.m; sourceTree = "<group>"; };
		505EF67320C62F4B000700AE /* AccountInfo.h */ = {isa = PBXFileReference; fileEncoding = 4; lastKnownFileType = sourcecode.c.h; path = AccountInfo.h; sourceTree = "<group>"; };
		505EF67420C62F4B000700AE /* AccountInfo.m */ = {isa = PBXFileReference; fileEncoding = 4; lastKnownFileType = sourcecode.c.objc; path = AccountInfo.m; sourceTree = "<group>"; };
		505EF67520C62F4B000700AE /* AccountManager+Edit.h */ = {isa = PBXFileReference; fileEncoding = 4; lastKnownFileType = sourcecode.c.h; path = "AccountManager+Edit.h"; sourceTree = "<group>"; };
		505EF67620C62F4B000700AE /* AccountManager+Edit.m */ = {isa = PBXFileReference; fileEncoding = 4; lastKnownFileType = sourcecode.c.objc; path = "AccountManager+Edit.m"; sourceTree = "<group>"; };
		505EF67720C62F4B000700AE /* AccountManager.h */ = {isa = PBXFileReference; fileEncoding = 4; lastKnownFileType = sourcecode.c.h; path = AccountManager.h; sourceTree = "<group>"; };
		505EF67820C62F4B000700AE /* AccountManager.m */ = {isa = PBXFileReference; fileEncoding = 4; lastKnownFileType = sourcecode.c.objc; path = AccountManager.m; sourceTree = "<group>"; };
		505EF67A20C62F4B000700AE /* AccountEditNameCell.h */ = {isa = PBXFileReference; fileEncoding = 4; lastKnownFileType = sourcecode.c.h; path = AccountEditNameCell.h; sourceTree = "<group>"; };
		505EF67B20C62F4B000700AE /* AccountEditNameCell.m */ = {isa = PBXFileReference; fileEncoding = 4; lastKnownFileType = sourcecode.c.objc; path = AccountEditNameCell.m; sourceTree = "<group>"; };
		505EF67C20C62F4B000700AE /* AccountEditNormalCell.h */ = {isa = PBXFileReference; fileEncoding = 4; lastKnownFileType = sourcecode.c.h; path = AccountEditNormalCell.h; sourceTree = "<group>"; };
		505EF67D20C62F4B000700AE /* AccountEditNormalCell.m */ = {isa = PBXFileReference; fileEncoding = 4; lastKnownFileType = sourcecode.c.objc; path = AccountEditNormalCell.m; sourceTree = "<group>"; };
		505EF67E20C62F4B000700AE /* AccountEditViewController+CellDelegate.h */ = {isa = PBXFileReference; fileEncoding = 4; lastKnownFileType = sourcecode.c.h; path = "AccountEditViewController+CellDelegate.h"; sourceTree = "<group>"; };
		505EF67F20C62F4B000700AE /* AccountEditViewController+CellDelegate.m */ = {isa = PBXFileReference; fileEncoding = 4; lastKnownFileType = sourcecode.c.objc; path = "AccountEditViewController+CellDelegate.m"; sourceTree = "<group>"; };
		505EF68020C62F4B000700AE /* AccountEditViewController.h */ = {isa = PBXFileReference; fileEncoding = 4; lastKnownFileType = sourcecode.c.h; path = AccountEditViewController.h; sourceTree = "<group>"; };
		505EF68120C62F4B000700AE /* AccountEditViewController.m */ = {isa = PBXFileReference; fileEncoding = 4; lastKnownFileType = sourcecode.c.objc; path = AccountEditViewController.m; sourceTree = "<group>"; };
		505EF68220C62F4B000700AE /* AccountTypeViewController.h */ = {isa = PBXFileReference; fileEncoding = 4; lastKnownFileType = sourcecode.c.h; path = AccountTypeViewController.h; sourceTree = "<group>"; };
		505EF68320C62F4B000700AE /* AccountTypeViewController.m */ = {isa = PBXFileReference; fileEncoding = 4; lastKnownFileType = sourcecode.c.objc; path = AccountTypeViewController.m; sourceTree = "<group>"; };
		505EF68520C62F4B000700AE /* AccountHomeViewController.h */ = {isa = PBXFileReference; fileEncoding = 4; lastKnownFileType = sourcecode.c.h; path = AccountHomeViewController.h; sourceTree = "<group>"; };
		505EF68620C62F4B000700AE /* AccountHomeViewController.m */ = {isa = PBXFileReference; fileEncoding = 4; lastKnownFileType = sourcecode.c.objc; path = AccountHomeViewController.m; sourceTree = "<group>"; };
		505EF68920C62F4B000700AE /* TallyHomeViewController.h */ = {isa = PBXFileReference; fileEncoding = 4; lastKnownFileType = sourcecode.c.h; path = TallyHomeViewController.h; sourceTree = "<group>"; };
		505EF68A20C62F4B000700AE /* TallyHomeViewController.m */ = {isa = PBXFileReference; fileEncoding = 4; lastKnownFileType = sourcecode.c.objc; path = TallyHomeViewController.m; sourceTree = "<group>"; };
		551BB02320BDBB520004E55B /* MainManager.h */ = {isa = PBXFileReference; lastKnownFileType = sourcecode.c.h; path = MainManager.h; sourceTree = "<group>"; };
		551BB02420BDBB520004E55B /* MainManager.m */ = {isa = PBXFileReference; lastKnownFileType = sourcecode.c.objc; path = MainManager.m; sourceTree = "<group>"; };
		552A42E320C397F7003C1645 /* UIColorDefine.h */ = {isa = PBXFileReference; lastKnownFileType = sourcecode.c.h; path = UIColorDefine.h; sourceTree = "<group>"; };
		714641612C3BD83443100705 /* Pods-Easy-All 2.0.release.xcconfig */ = {isa = PBXFileReference; includeInIndex = 1; lastKnownFileType = text.xcconfig; name = "Pods-Easy-All 2.0.release.xcconfig"; path = "Pods/Target Support Files/Pods-Easy-All 2.0/Pods-Easy-All 2.0.release.xcconfig"; sourceTree = "<group>"; };
		A7F6158C0B0C30697B3DD5AE /* Pods-Easy-All 2.0.debug.xcconfig */ = {isa = PBXFileReference; includeInIndex = 1; lastKnownFileType = text.xcconfig; name = "Pods-Easy-All 2.0.debug.xcconfig"; path = "Pods/Target Support Files/Pods-Easy-All 2.0/Pods-Easy-All 2.0.debug.xcconfig"; sourceTree = "<group>"; };
		F940BCCFA6EEE85C79177D88 /* libPods-Easy-All 2.0.a */ = {isa = PBXFileReference; explicitFileType = archive.ar; includeInIndex = 0; path = "libPods-Easy-All 2.0.a"; sourceTree = BUILT_PRODUCTS_DIR; };
/* End PBXFileReference section */

/* Begin PBXFrameworksBuildPhase section */
		50448CE820B6DD0700E4FFD0 /* Frameworks */ = {
			isa = PBXFrameworksBuildPhase;
			buildActionMask = 2147483647;
			files = (
				9057B2D420CA5C103DC0D081 /* libPods-Easy-All 2.0.a in Frameworks */,
			);
			runOnlyForDeploymentPostprocessing = 0;
		};
/* End PBXFrameworksBuildPhase section */

/* Begin PBXGroup section */
		2241E9E86A2EC0ED48F7C668 /* Pods */ = {
			isa = PBXGroup;
			children = (
				A7F6158C0B0C30697B3DD5AE /* Pods-Easy-All 2.0.debug.xcconfig */,
				714641612C3BD83443100705 /* Pods-Easy-All 2.0.release.xcconfig */,
			);
			name = Pods;
			sourceTree = "<group>";
		};
		501EED3420B6E033003FAD06 /* Main */ = {
			isa = PBXGroup;
			children = (
				501EED3520B6E04D003FAD06 /* MainViewController.h */,
				501EED3620B6E04D003FAD06 /* MainViewController.m */,
				5028619A20BC350E006EABBA /* MainList.plist */,
				5028619B20BC350E006EABBA /* MainTypeBean.h */,
				5028619C20BC350E006EABBA /* MainTypeBean.m */,
				5028619D20BC350E006EABBA /* MainToolBean.h */,
				5028619920BC350E006EABBA /* MainToolBean.m */,
				551BB02320BDBB520004E55B /* MainManager.h */,
				551BB02420BDBB520004E55B /* MainManager.m */,
			);
			path = Main;
			sourceTree = "<group>";
		};
		50448CE220B6DD0700E4FFD0 = {
			isa = PBXGroup;
			children = (
				50448CED20B6DD0700E4FFD0 /* Easy-All 2.0 */,
				50448CEC20B6DD0700E4FFD0 /* Products */,
				2241E9E86A2EC0ED48F7C668 /* Pods */,
				83266495931E1BBAE607A81D /* Frameworks */,
			);
			sourceTree = "<group>";
		};
		50448CEC20B6DD0700E4FFD0 /* Products */ = {
			isa = PBXGroup;
			children = (
				50448CEB20B6DD0700E4FFD0 /* Easy-All 2.0.app */,
			);
			name = Products;
			sourceTree = "<group>";
		};
		50448CED20B6DD0700E4FFD0 /* Easy-All 2.0 */ = {
			isa = PBXGroup;
			children = (
				505EF66E20C62F2F000700AE /* Tools */,
				505EF66D20C62EFA000700AE /* Test */,
				552A42E220C397CE003C1645 /* Defend */,
				501EED3420B6E033003FAD06 /* Main */,
				50448CEE20B6DD0700E4FFD0 /* AppDelegate.h */,
				50448CEF20B6DD0700E4FFD0 /* AppDelegate.m */,
				5028619820BC34D7006EABBA /* PrefixHeader.pch */,
				50448CF720B6DD0700E4FFD0 /* Assets.xcassets */,
				50448CFC20B6DD0700E4FFD0 /* Info.plist */,
				50448CFD20B6DD0700E4FFD0 /* main.m */,
			);
			path = "Easy-All 2.0";
			sourceTree = "<group>";
		};
		505EF66D20C62EFA000700AE /* Test */ = {
			isa = PBXGroup;
			children = (
			);
			path = Test;
			sourceTree = "<group>";
		};
		505EF66E20C62F2F000700AE /* Tools */ = {
			isa = PBXGroup;
			children = (
				505EF66F20C62F4B000700AE /* Account */,
				505EF68720C62F4B000700AE /* Tally */,
			);
			path = Tools;
			sourceTree = "<group>";
		};
		505EF66F20C62F4B000700AE /* Account */ = {
			isa = PBXGroup;
			children = (
				505EF67020C62F4B000700AE /* AccountManager */,
				505EF67920C62F4B000700AE /* Edit */,
				505EF68420C62F4B000700AE /* Home */,
			);
			path = Account;
			sourceTree = "<group>";
		};
		505EF67020C62F4B000700AE /* AccountManager */ = {
			isa = PBXGroup;
			children = (
				505EF67120C62F4B000700AE /* AccountCellInfo.h */,
				505EF67220C62F4B000700AE /* AccountCellInfo.m */,
				505EF67320C62F4B000700AE /* AccountInfo.h */,
				505EF67420C62F4B000700AE /* AccountInfo.m */,
				505EF67520C62F4B000700AE /* AccountManager+Edit.h */,
				505EF67620C62F4B000700AE /* AccountManager+Edit.m */,
				505EF67720C62F4B000700AE /* AccountManager.h */,
				505EF67820C62F4B000700AE /* AccountManager.m */,
			);
			path = AccountManager;
			sourceTree = "<group>";
		};
		505EF67920C62F4B000700AE /* Edit */ = {
			isa = PBXGroup;
			children = (
				505EF67A20C62F4B000700AE /* AccountEditNameCell.h */,
				505EF67B20C62F4B000700AE /* AccountEditNameCell.m */,
				505EF67C20C62F4B000700AE /* AccountEditNormalCell.h */,
				505EF67D20C62F4B000700AE /* AccountEditNormalCell.m */,
				505EF67E20C62F4B000700AE /* AccountEditViewController+CellDelegate.h */,
				505EF67F20C62F4B000700AE /* AccountEditViewController+CellDelegate.m */,
				505EF68020C62F4B000700AE /* AccountEditViewController.h */,
				505EF68120C62F4B000700AE /* AccountEditViewController.m */,
				505EF68220C62F4B000700AE /* AccountTypeViewController.h */,
				505EF68320C62F4B000700AE /* AccountTypeViewController.m */,
			);
			path = Edit;
			sourceTree = "<group>";
		};
		505EF68420C62F4B000700AE /* Home */ = {
			isa = PBXGroup;
			children = (
				505EF68520C62F4B000700AE /* AccountHomeViewController.h */,
				505EF68620C62F4B000700AE /* AccountHomeViewController.m */,
			);
			path = Home;
			sourceTree = "<group>";
		};
		505EF68720C62F4B000700AE /* Tally */ = {
			isa = PBXGroup;
			children = (
				505EF68820C62F4B000700AE /* Home */,
			);
			path = Tally;
			sourceTree = "<group>";
		};
		505EF68820C62F4B000700AE /* Home */ = {
			isa = PBXGroup;
			children = (
				505EF68920C62F4B000700AE /* TallyHomeViewController.h */,
				505EF68A20C62F4B000700AE /* TallyHomeViewController.m */,
			);
			path = Home;
			sourceTree = "<group>";
		};
		552A42E220C397CE003C1645 /* Defend */ = {
			isa = PBXGroup;
			children = (
				552A42E320C397F7003C1645 /* UIColorDefine.h */,
			);
			path = Defend;
			sourceTree = "<group>";
		};
		83266495931E1BBAE607A81D /* Frameworks */ = {
			isa = PBXGroup;
			children = (
				F940BCCFA6EEE85C79177D88 /* libPods-Easy-All 2.0.a */,
			);
			name = Frameworks;
			sourceTree = "<group>";
		};
/* End PBXGroup section */

/* Begin PBXNativeTarget section */
		50448CEA20B6DD0700E4FFD0 /* Easy-All 2.0 */ = {
			isa = PBXNativeTarget;
			buildConfigurationList = 50448D0120B6DD0700E4FFD0 /* Build configuration list for PBXNativeTarget "Easy-All 2.0" */;
			buildPhases = (
				AA925041A7B9D81FFFA75FF7 /* [CP] Check Pods Manifest.lock */,
				50448CE720B6DD0700E4FFD0 /* Sources */,
				50448CE820B6DD0700E4FFD0 /* Frameworks */,
				50448CE920B6DD0700E4FFD0 /* Resources */,
				E5FA5C11BAE075ED3E48B13A /* [CP] Embed Pods Frameworks */,
				941C2EC71CAC07AC13CC7302 /* [CP] Copy Pods Resources */,
			);
			buildRules = (
			);
			dependencies = (
			);
			name = "Easy-All 2.0";
			productName = "Easy-All 2.0";
			productReference = 50448CEB20B6DD0700E4FFD0 /* Easy-All 2.0.app */;
			productType = "com.apple.product-type.application";
		};
/* End PBXNativeTarget section */

/* Begin PBXProject section */
		50448CE320B6DD0700E4FFD0 /* Project object */ = {
			isa = PBXProject;
			attributes = {
				LastUpgradeCheck = 0900;
				ORGANIZATIONNAME = "陈舒澳";
				TargetAttributes = {
					50448CEA20B6DD0700E4FFD0 = {
						CreatedOnToolsVersion = 9.0;
						ProvisioningStyle = Manual;
					};
				};
			};
			buildConfigurationList = 50448CE620B6DD0700E4FFD0 /* Build configuration list for PBXProject "Easy-All 2.0" */;
			compatibilityVersion = "Xcode 8.0";
			developmentRegion = en;
			hasScannedForEncodings = 0;
			knownRegions = (
				en,
				Base,
			);
			mainGroup = 50448CE220B6DD0700E4FFD0;
			productRefGroup = 50448CEC20B6DD0700E4FFD0 /* Products */;
			projectDirPath = "";
			projectRoot = "";
			targets = (
				50448CEA20B6DD0700E4FFD0 /* Easy-All 2.0 */,
			);
		};
/* End PBXProject section */

/* Begin PBXResourcesBuildPhase section */
		50448CE920B6DD0700E4FFD0 /* Resources */ = {
			isa = PBXResourcesBuildPhase;
			buildActionMask = 2147483647;
			files = (
				50448CF820B6DD0700E4FFD0 /* Assets.xcassets in Resources */,
				5028619F20BC350E006EABBA /* MainList.plist in Resources */,
			);
			runOnlyForDeploymentPostprocessing = 0;
		};
/* End PBXResourcesBuildPhase section */

/* Begin PBXShellScriptBuildPhase section */
		941C2EC71CAC07AC13CC7302 /* [CP] Copy Pods Resources */ = {
			isa = PBXShellScriptBuildPhase;
			buildActionMask = 2147483647;
			files = (
			);
			inputPaths = (
			);
			name = "[CP] Copy Pods Resources";
			outputPaths = (
			);
			runOnlyForDeploymentPostprocessing = 0;
			shellPath = /bin/sh;
			shellScript = "\"${SRCROOT}/Pods/Target Support Files/Pods-Easy-All 2.0/Pods-Easy-All 2.0-resources.sh\"\n";
			showEnvVarsInLog = 0;
		};
		AA925041A7B9D81FFFA75FF7 /* [CP] Check Pods Manifest.lock */ = {
			isa = PBXShellScriptBuildPhase;
			buildActionMask = 2147483647;
			files = (
			);
			inputPaths = (
				"${PODS_PODFILE_DIR_PATH}/Podfile.lock",
				"${PODS_ROOT}/Manifest.lock",
			);
			name = "[CP] Check Pods Manifest.lock";
			outputPaths = (
				"$(DERIVED_FILE_DIR)/Pods-Easy-All 2.0-checkManifestLockResult.txt",
			);
			runOnlyForDeploymentPostprocessing = 0;
			shellPath = /bin/sh;
			shellScript = "diff \"${PODS_PODFILE_DIR_PATH}/Podfile.lock\" \"${PODS_ROOT}/Manifest.lock\" > /dev/null\nif [ $? != 0 ] ; then\n    # print error to STDERR\n    echo \"error: The sandbox is not in sync with the Podfile.lock. Run 'pod install' or update your CocoaPods installation.\" >&2\n    exit 1\nfi\n# This output is used by Xcode 'outputs' to avoid re-running this script phase.\necho \"SUCCESS\" > \"${SCRIPT_OUTPUT_FILE_0}\"\n";
			showEnvVarsInLog = 0;
		};
		E5FA5C11BAE075ED3E48B13A /* [CP] Embed Pods Frameworks */ = {
			isa = PBXShellScriptBuildPhase;
			buildActionMask = 2147483647;
			files = (
			);
			inputPaths = (
			);
			name = "[CP] Embed Pods Frameworks";
			outputPaths = (
			);
			runOnlyForDeploymentPostprocessing = 0;
			shellPath = /bin/sh;
			shellScript = "\"${SRCROOT}/Pods/Target Support Files/Pods-Easy-All 2.0/Pods-Easy-All 2.0-frameworks.sh\"\n";
			showEnvVarsInLog = 0;
		};
/* End PBXShellScriptBuildPhase section */

/* Begin PBXSourcesBuildPhase section */
		50448CE720B6DD0700E4FFD0 /* Sources */ = {
			isa = PBXSourcesBuildPhase;
			buildActionMask = 2147483647;
			files = (
				505EF68B20C62F4B000700AE /* AccountCellInfo.m in Sources */,
				505EF68E20C62F4B000700AE /* AccountManager.m in Sources */,
				505EF68C20C62F4B000700AE /* AccountInfo.m in Sources */,
				505EF68F20C62F4B000700AE /* AccountEditNameCell.m in Sources */,
				505EF69520C62F4B000700AE /* TallyHomeViewController.m in Sources */,
				505EF68D20C62F4B000700AE /* AccountManager+Edit.m in Sources */,
				50448CFE20B6DD0700E4FFD0 /* main.m in Sources */,
				505EF69220C62F4B000700AE /* AccountEditViewController.m in Sources */,
				501EED3720B6E04D003FAD06 /* MainViewController.m in Sources */,
				551BB02520BDBB520004E55B /* MainManager.m in Sources */,
				502861A020BC350E006EABBA /* MainTypeBean.m in Sources */,
				5028619E20BC350E006EABBA /* MainToolBean.m in Sources */,
				505EF69420C62F4B000700AE /* AccountHomeViewController.m in Sources */,
				505EF69020C62F4B000700AE /* AccountEditNormalCell.m in Sources */,
				505EF69320C62F4B000700AE /* AccountTypeViewController.m in Sources */,
				505EF69120C62F4B000700AE /* AccountEditViewController+CellDelegate.m in Sources */,
				50448CF020B6DD0700E4FFD0 /* AppDelegate.m in Sources */,
			);
			runOnlyForDeploymentPostprocessing = 0;
		};
/* End PBXSourcesBuildPhase section */

/* Begin XCBuildConfiguration section */
		50448CFF20B6DD0700E4FFD0 /* Debug */ = {
			isa = XCBuildConfiguration;
			buildSettings = {
				ALWAYS_SEARCH_USER_PATHS = NO;
				CLANG_ANALYZER_NONNULL = YES;
				CLANG_ANALYZER_NUMBER_OBJECT_CONVERSION = YES_AGGRESSIVE;
				CLANG_CXX_LANGUAGE_STANDARD = "gnu++14";
				CLANG_CXX_LIBRARY = "libc++";
				CLANG_ENABLE_MODULES = YES;
				CLANG_ENABLE_OBJC_ARC = YES;
				CLANG_WARN_BLOCK_CAPTURE_AUTORELEASING = YES;
				CLANG_WARN_BOOL_CONVERSION = YES;
				CLANG_WARN_COMMA = YES;
				CLANG_WARN_CONSTANT_CONVERSION = YES;
				CLANG_WARN_DIRECT_OBJC_ISA_USAGE = YES_ERROR;
				CLANG_WARN_DOCUMENTATION_COMMENTS = YES;
				CLANG_WARN_EMPTY_BODY = YES;
				CLANG_WARN_ENUM_CONVERSION = YES;
				CLANG_WARN_INFINITE_RECURSION = YES;
				CLANG_WARN_INT_CONVERSION = YES;
				CLANG_WARN_NON_LITERAL_NULL_CONVERSION = YES;
				CLANG_WARN_OBJC_LITERAL_CONVERSION = YES;
				CLANG_WARN_OBJC_ROOT_CLASS = YES_ERROR;
				CLANG_WARN_RANGE_LOOP_ANALYSIS = YES;
				CLANG_WARN_STRICT_PROTOTYPES = YES;
				CLANG_WARN_SUSPICIOUS_MOVE = YES;
				CLANG_WARN_UNGUARDED_AVAILABILITY = YES_AGGRESSIVE;
				CLANG_WARN_UNREACHABLE_CODE = YES;
				CLANG_WARN__DUPLICATE_METHOD_MATCH = YES;
				CODE_SIGN_IDENTITY = "iPhone Developer";
				COPY_PHASE_STRIP = NO;
				DEBUG_INFORMATION_FORMAT = dwarf;
				ENABLE_STRICT_OBJC_MSGSEND = YES;
				ENABLE_TESTABILITY = YES;
				GCC_C_LANGUAGE_STANDARD = gnu11;
				GCC_DYNAMIC_NO_PIC = NO;
				GCC_NO_COMMON_BLOCKS = YES;
				GCC_OPTIMIZATION_LEVEL = 0;
				GCC_PREPROCESSOR_DEFINITIONS = (
					"DEBUG=1",
					"$(inherited)",
				);
				GCC_WARN_64_TO_32_BIT_CONVERSION = YES;
				GCC_WARN_ABOUT_RETURN_TYPE = YES_ERROR;
				GCC_WARN_UNDECLARED_SELECTOR = YES;
				GCC_WARN_UNINITIALIZED_AUTOS = YES_AGGRESSIVE;
				GCC_WARN_UNUSED_FUNCTION = YES;
				GCC_WARN_UNUSED_VARIABLE = YES;
				IPHONEOS_DEPLOYMENT_TARGET = 11.0;
				MTL_ENABLE_DEBUG_INFO = YES;
				ONLY_ACTIVE_ARCH = YES;
				SDKROOT = iphoneos;
			};
			name = Debug;
		};
		50448D0020B6DD0700E4FFD0 /* Release */ = {
			isa = XCBuildConfiguration;
			buildSettings = {
				ALWAYS_SEARCH_USER_PATHS = NO;
				CLANG_ANALYZER_NONNULL = YES;
				CLANG_ANALYZER_NUMBER_OBJECT_CONVERSION = YES_AGGRESSIVE;
				CLANG_CXX_LANGUAGE_STANDARD = "gnu++14";
				CLANG_CXX_LIBRARY = "libc++";
				CLANG_ENABLE_MODULES = YES;
				CLANG_ENABLE_OBJC_ARC = YES;
				CLANG_WARN_BLOCK_CAPTURE_AUTORELEASING = YES;
				CLANG_WARN_BOOL_CONVERSION = YES;
				CLANG_WARN_COMMA = YES;
				CLANG_WARN_CONSTANT_CONVERSION = YES;
				CLANG_WARN_DIRECT_OBJC_ISA_USAGE = YES_ERROR;
				CLANG_WARN_DOCUMENTATION_COMMENTS = YES;
				CLANG_WARN_EMPTY_BODY = YES;
				CLANG_WARN_ENUM_CONVERSION = YES;
				CLANG_WARN_INFINITE_RECURSION = YES;
				CLANG_WARN_INT_CONVERSION = YES;
				CLANG_WARN_NON_LITERAL_NULL_CONVERSION = YES;
				CLANG_WARN_OBJC_LITERAL_CONVERSION = YES;
				CLANG_WARN_OBJC_ROOT_CLASS = YES_ERROR;
				CLANG_WARN_RANGE_LOOP_ANALYSIS = YES;
				CLANG_WARN_STRICT_PROTOTYPES = YES;
				CLANG_WARN_SUSPICIOUS_MOVE = YES;
				CLANG_WARN_UNGUARDED_AVAILABILITY = YES_AGGRESSIVE;
				CLANG_WARN_UNREACHABLE_CODE = YES;
				CLANG_WARN__DUPLICATE_METHOD_MATCH = YES;
				CODE_SIGN_IDENTITY = "iPhone Developer";
				COPY_PHASE_STRIP = NO;
				DEBUG_INFORMATION_FORMAT = "dwarf-with-dsym";
				ENABLE_NS_ASSERTIONS = NO;
				ENABLE_STRICT_OBJC_MSGSEND = YES;
				GCC_C_LANGUAGE_STANDARD = gnu11;
				GCC_NO_COMMON_BLOCKS = YES;
				GCC_WARN_64_TO_32_BIT_CONVERSION = YES;
				GCC_WARN_ABOUT_RETURN_TYPE = YES_ERROR;
				GCC_WARN_UNDECLARED_SELECTOR = YES;
				GCC_WARN_UNINITIALIZED_AUTOS = YES_AGGRESSIVE;
				GCC_WARN_UNUSED_FUNCTION = YES;
				GCC_WARN_UNUSED_VARIABLE = YES;
				IPHONEOS_DEPLOYMENT_TARGET = 11.0;
				MTL_ENABLE_DEBUG_INFO = NO;
				SDKROOT = iphoneos;
				VALIDATE_PRODUCT = YES;
			};
			name = Release;
		};
		50448D0220B6DD0700E4FFD0 /* Debug */ = {
			isa = XCBuildConfiguration;
			baseConfigurationReference = A7F6158C0B0C30697B3DD5AE /* Pods-Easy-All 2.0.debug.xcconfig */;
			buildSettings = {
				ASSETCATALOG_COMPILER_APPICON_NAME = AppIcon;
				ASSETCATALOG_COMPILER_LAUNCHIMAGE_NAME = LaunchImage;
				"CODE_SIGN_IDENTITY[sdk=iphoneos*]" = "iPhone Developer";
				CODE_SIGN_STYLE = Manual;
				DEVELOPMENT_TEAM = BT9788MKNS;
				GCC_PREFIX_HEADER = "Easy-All 2.0/PrefixHeader.pch";
				INFOPLIST_FILE = "Easy-All 2.0/Info.plist";
				IPHONEOS_DEPLOYMENT_TARGET = 8.0;
				LD_RUNPATH_SEARCH_PATHS = "$(inherited) @executable_path/Frameworks";
				PRODUCT_BUNDLE_IDENTIFIER = com.Ernitec.Ernitec;
				PRODUCT_NAME = "$(TARGET_NAME)";
				PROVISIONING_PROFILE = "d787454e-3dfb-4d56-a161-40e9b6dfbb20";
				PROVISIONING_PROFILE_SPECIFIER = Ernitec_Development;
				TARGETED_DEVICE_FAMILY = "1,2";
				USER_HEADER_SEARCH_PATHS = "$(PODS_ROOT)/**";
			};
			name = Debug;
		};
		50448D0320B6DD0700E4FFD0 /* Release */ = {
			isa = XCBuildConfiguration;
			baseConfigurationReference = 714641612C3BD83443100705 /* Pods-Easy-All 2.0.release.xcconfig */;
			buildSettings = {
				ASSETCATALOG_COMPILER_APPICON_NAME = AppIcon;
				ASSETCATALOG_COMPILER_LAUNCHIMAGE_NAME = LaunchImage;
				"CODE_SIGN_IDENTITY[sdk=iphoneos*]" = "iPhone Distribution";
				CODE_SIGN_STYLE = Manual;
				DEVELOPMENT_TEAM = BT9788MKNS;
				GCC_PREFIX_HEADER = "Easy-All 2.0/PrefixHeader.pch";
				INFOPLIST_FILE = "Easy-All 2.0/Info.plist";
				IPHONEOS_DEPLOYMENT_TARGET = 8.0;
				LD_RUNPATH_SEARCH_PATHS = "$(inherited) @executable_path/Frameworks";
				PRODUCT_BUNDLE_IDENTIFIER = com.Ernitec.Ernitec;
				PRODUCT_NAME = "$(TARGET_NAME)";
				PROVISIONING_PROFILE = "f0cdeeb4-bdc9-451a-bc0d-ac00a26bbe81";
				PROVISIONING_PROFILE_SPECIFIER = Ernitec_ADHoc;
				TARGETED_DEVICE_FAMILY = "1,2";
				USER_HEADER_SEARCH_PATHS = "$(PODS_ROOT)/**";
			};
			name = Release;
		};
/* End XCBuildConfiguration section */

/* Begin XCConfigurationList section */
		50448CE620B6DD0700E4FFD0 /* Build configuration list for PBXProject "Easy-All 2.0" */ = {
			isa = XCConfigurationList;
			buildConfigurations = (
				50448CFF20B6DD0700E4FFD0 /* Debug */,
				50448D0020B6DD0700E4FFD0 /* Release */,
			);
			defaultConfigurationIsVisible = 0;
			defaultConfigurationName = Release;
		};
		50448D0120B6DD0700E4FFD0 /* Build configuration list for PBXNativeTarget "Easy-All 2.0" */ = {
			isa = XCConfigurationList;
			buildConfigurations = (
				50448D0220B6DD0700E4FFD0 /* Debug */,
				50448D0320B6DD0700E4FFD0 /* Release */,
			);
			defaultConfigurationIsVisible = 0;
			defaultConfigurationName = Release;
		};
/* End XCConfigurationList section */
	};
	rootObject = 50448CE320B6DD0700E4FFD0 /* Project object */;
}
