// !$*UTF8*$!
{
	archiveVersion = 1;
	classes = {
	};
	objectVersion = 48;
	objects = {

/* Begin PBXBuildFile section */
		50114173212ABFAB00504435 /* HLFImageCVCell.m in Sources */ = {isa = PBXBuildFile; fileRef = 5011416E212ABFAB00504435 /* HLFImageCVCell.m */; };
		50114174212ABFAB00504435 /* HLFImageProcessorView.m in Sources */ = {isa = PBXBuildFile; fileRef = 50114170212ABFAB00504435 /* HLFImageProcessorView.m */; };
		50114175212ABFAB00504435 /* HLFPhotoLineView.m in Sources */ = {isa = PBXBuildFile; fileRef = 50114172212ABFAB00504435 /* HLFPhotoLineView.m */; };
		50114179212AD1F300504435 /* HLFPhotoOperationBar.m in Sources */ = {isa = PBXBuildFile; fileRef = 50114178212AD1F300504435 /* HLFPhotoOperationBar.m */; };
		5011417D212AD97B00504435 /* UIButton+EasySet.m in Sources */ = {isa = PBXBuildFile; fileRef = 5011417C212AD97B00504435 /* UIButton+EasySet.m */; };
		501A3E932130556900DF7E51 /* GWRoleDataManager.m in Sources */ = {isa = PBXBuildFile; fileRef = 501A3E922130556900DF7E51 /* GWRoleDataManager.m */; };
		501A3E962130576700DF7E51 /* GWRoleDataInfo.m in Sources */ = {isa = PBXBuildFile; fileRef = 501A3E952130576700DF7E51 /* GWRoleDataInfo.m */; };
		501EED3720B6E04D003FAD06 /* MainViewController.m in Sources */ = {isa = PBXBuildFile; fileRef = 501EED3620B6E04D003FAD06 /* MainViewController.m */; };
		5028619E20BC350E006EABBA /* MainToolBean.m in Sources */ = {isa = PBXBuildFile; fileRef = 5028619920BC350E006EABBA /* MainToolBean.m */; };
		5028619F20BC350E006EABBA /* MainList.plist in Resources */ = {isa = PBXBuildFile; fileRef = 5028619A20BC350E006EABBA /* MainList.plist */; };
		502861A020BC350E006EABBA /* MainTypeBean.m in Sources */ = {isa = PBXBuildFile; fileRef = 5028619C20BC350E006EABBA /* MainTypeBean.m */; };
		502A1DC0212A6703009A9069 /* UIView+subView.m in Sources */ = {isa = PBXBuildFile; fileRef = 502A1DBF212A6703009A9069 /* UIView+subView.m */; };
		503D05AA212ABEF600A5308B /* HLFPhotoStitchVC.m in Sources */ = {isa = PBXBuildFile; fileRef = 503D05A9212ABEF600A5308B /* HLFPhotoStitchVC.m */; };
		50448CF020B6DD0700E4FFD0 /* AppDelegate.m in Sources */ = {isa = PBXBuildFile; fileRef = 50448CEF20B6DD0700E4FFD0 /* AppDelegate.m */; };
		50448CF820B6DD0700E4FFD0 /* Assets.xcassets in Resources */ = {isa = PBXBuildFile; fileRef = 50448CF720B6DD0700E4FFD0 /* Assets.xcassets */; };
		50448CFE20B6DD0700E4FFD0 /* main.m in Sources */ = {isa = PBXBuildFile; fileRef = 50448CFD20B6DD0700E4FFD0 /* main.m */; };
		504B507B2122C00E00514388 /* NSThreadViewController.m in Sources */ = {isa = PBXBuildFile; fileRef = 504B507A2122C00E00514388 /* NSThreadViewController.m */; };
		504B50802123FB8200514388 /* HLFViewController.m in Sources */ = {isa = PBXBuildFile; fileRef = 504B507F2123FB8200514388 /* HLFViewController.m */; };
		504B50882126639300514388 /* HLFPhotoHomeVC.m in Sources */ = {isa = PBXBuildFile; fileRef = 504B50872126639300514388 /* HLFPhotoHomeVC.m */; };
		504B508B212663AA00514388 /* HLFPhotoEditVC.m in Sources */ = {isa = PBXBuildFile; fileRef = 504B508A212663AA00514388 /* HLFPhotoEditVC.m */; };
		505EF68B20C62F4B000700AE /* AccountCellInfo.m in Sources */ = {isa = PBXBuildFile; fileRef = 505EF67220C62F4B000700AE /* AccountCellInfo.m */; };
		505EF68C20C62F4B000700AE /* AccountInfo.m in Sources */ = {isa = PBXBuildFile; fileRef = 505EF67420C62F4B000700AE /* AccountInfo.m */; };
		505EF68D20C62F4B000700AE /* AccountManager+Edit.m in Sources */ = {isa = PBXBuildFile; fileRef = 505EF67620C62F4B000700AE /* AccountManager+Edit.m */; };
		505EF68E20C62F4B000700AE /* AccountManager.m in Sources */ = {isa = PBXBuildFile; fileRef = 505EF67820C62F4B000700AE /* AccountManager.m */; };
		505EF68F20C62F4B000700AE /* AccountEditNameCell.m in Sources */ = {isa = PBXBuildFile; fileRef = 505EF67B20C62F4B000700AE /* AccountEditNameCell.m */; };
		505EF69020C62F4B000700AE /* AccountEditNormalCell.m in Sources */ = {isa = PBXBuildFile; fileRef = 505EF67D20C62F4B000700AE /* AccountEditNormalCell.m */; };
		505EF69120C62F4B000700AE /* AccountEditViewController+CellDelegate.m in Sources */ = {isa = PBXBuildFile; fileRef = 505EF67F20C62F4B000700AE /* AccountEditViewController+CellDelegate.m */; };
		505EF69220C62F4B000700AE /* AccountEditViewController.m in Sources */ = {isa = PBXBuildFile; fileRef = 505EF68120C62F4B000700AE /* AccountEditViewController.m */; };
		505EF69320C62F4B000700AE /* AccountTypeViewController.m in Sources */ = {isa = PBXBuildFile; fileRef = 505EF68320C62F4B000700AE /* AccountTypeViewController.m */; };
		505EF69420C62F4B000700AE /* AccountHomeViewController.m in Sources */ = {isa = PBXBuildFile; fileRef = 505EF68620C62F4B000700AE /* AccountHomeViewController.m */; };
		505EF69520C62F4B000700AE /* TallyHomeViewController.m in Sources */ = {isa = PBXBuildFile; fileRef = 505EF68A20C62F4B000700AE /* TallyHomeViewController.m */; };
		505EF6A620C62F6C000700AE /* SDImageViewController.m in Sources */ = {isa = PBXBuildFile; fileRef = 505EF69820C62F6C000700AE /* SDImageViewController.m */; };
		505EF6A720C62F6C000700AE /* CopyBean.m in Sources */ = {isa = PBXBuildFile; fileRef = 505EF69B20C62F6C000700AE /* CopyBean.m */; };
		505EF6A820C62F6C000700AE /* CopyViewController.m in Sources */ = {isa = PBXBuildFile; fileRef = 505EF69D20C62F6C000700AE /* CopyViewController.m */; };
		505EF6A920C62F6C000700AE /* GCDViewController.m in Sources */ = {isa = PBXBuildFile; fileRef = 505EF6A020C62F6C000700AE /* GCDViewController.m */; };
		505EF6AA20C62F6C000700AE /* KVOBean.m in Sources */ = {isa = PBXBuildFile; fileRef = 505EF6A320C62F6C000700AE /* KVOBean.m */; };
		505EF6AB20C62F6C000700AE /* KVOViewController.m in Sources */ = {isa = PBXBuildFile; fileRef = 505EF6A520C62F6C000700AE /* KVOViewController.m */; };
		505EF6AF20C62F9A000700AE /* KVCViewController.m in Sources */ = {isa = PBXBuildFile; fileRef = 505EF6AE20C62F9A000700AE /* KVCViewController.m */; };
		505EF6B220C63419000700AE /* KVCTestBean.m in Sources */ = {isa = PBXBuildFile; fileRef = 505EF6B120C63419000700AE /* KVCTestBean.m */; };
		506A21B620EC62A20090C03C /* TimeViewController.m in Sources */ = {isa = PBXBuildFile; fileRef = 506A21B520EC62A20090C03C /* TimeViewController.m */; };
		506EBD1A212E5398002AD81D /* HLFRGBPoint.m in Sources */ = {isa = PBXBuildFile; fileRef = 506EBD19212E5398002AD81D /* HLFRGBPoint.m */; };
		506EBD1D212E53DA002AD81D /* HLFCheckImage.m in Sources */ = {isa = PBXBuildFile; fileRef = 506EBD1C212E53DA002AD81D /* HLFCheckImage.m */; };
		506EBD24212EC062002AD81D /* HLFTest.m in Sources */ = {isa = PBXBuildFile; fileRef = 506EBD23212EC062002AD81D /* HLFTest.m */; };
		506EBD28212EC49F002AD81D /* HLFWebVC.m in Sources */ = {isa = PBXBuildFile; fileRef = 506EBD27212EC49F002AD81D /* HLFWebVC.m */; };
		506EBD2F212FF0D0002AD81D /* HLFRunLoopVC.m in Sources */ = {isa = PBXBuildFile; fileRef = 506EBD2E212FF0D0002AD81D /* HLFRunLoopVC.m */; };
		509CD30820C8CE1100D29595 /* iPadMainViewController.m in Sources */ = {isa = PBXBuildFile; fileRef = 509CD30720C8CE1100D29595 /* iPadMainViewController.m */; };
		50C563E921305B1600098FB2 /* RoleData.plist in Resources */ = {isa = PBXBuildFile; fileRef = 50C563E821305B1600098FB2 /* RoleData.plist */; };
		50C563ED2130647C00098FB2 /* GWLoadingVC.m in Sources */ = {isa = PBXBuildFile; fileRef = 50C563EC2130647C00098FB2 /* GWLoadingVC.m */; };
		50C563F12131B94E00098FB2 /* EquipmentManager.m in Sources */ = {isa = PBXBuildFile; fileRef = 50C563F02131B94E00098FB2 /* EquipmentManager.m */; };
		50C563F42131B96500098FB2 /* EquipmentManager+List.m in Sources */ = {isa = PBXBuildFile; fileRef = 50C563F32131B96500098FB2 /* EquipmentManager+List.m */; };
		50C563F62131B9C500098FB2 /* PlateHelmet.plist in Resources */ = {isa = PBXBuildFile; fileRef = 50C563F52131B9C500098FB2 /* PlateHelmet.plist */; };
		551BB02520BDBB520004E55B /* MainManager.m in Sources */ = {isa = PBXBuildFile; fileRef = 551BB02420BDBB520004E55B /* MainManager.m */; };
		9057B2D420CA5C103DC0D081 /* libPods-Easy-All 2.0.a in Frameworks */ = {isa = PBXBuildFile; fileRef = F940BCCFA6EEE85C79177D88 /* libPods-Easy-All 2.0.a */; };
/* End PBXBuildFile section */

/* Begin PBXFileReference section */
		5011416D212ABFAB00504435 /* HLFImageCVCell.h */ = {isa = PBXFileReference; fileEncoding = 4; lastKnownFileType = sourcecode.c.h; path = HLFImageCVCell.h; sourceTree = "<group>"; };
		5011416E212ABFAB00504435 /* HLFImageCVCell.m */ = {isa = PBXFileReference; fileEncoding = 4; lastKnownFileType = sourcecode.c.objc; path = HLFImageCVCell.m; sourceTree = "<group>"; };
		5011416F212ABFAB00504435 /* HLFImageProcessorView.h */ = {isa = PBXFileReference; fileEncoding = 4; lastKnownFileType = sourcecode.c.h; path = HLFImageProcessorView.h; sourceTree = "<group>"; };
		50114170212ABFAB00504435 /* HLFImageProcessorView.m */ = {isa = PBXFileReference; fileEncoding = 4; lastKnownFileType = sourcecode.c.objc; path = HLFImageProcessorView.m; sourceTree = "<group>"; };
		50114171212ABFAB00504435 /* HLFPhotoLineView.h */ = {isa = PBXFileReference; fileEncoding = 4; lastKnownFileType = sourcecode.c.h; path = HLFPhotoLineView.h; sourceTree = "<group>"; };
		50114172212ABFAB00504435 /* HLFPhotoLineView.m */ = {isa = PBXFileReference; fileEncoding = 4; lastKnownFileType = sourcecode.c.objc; path = HLFPhotoLineView.m; sourceTree = "<group>"; };
		50114177212AD1F300504435 /* HLFPhotoOperationBar.h */ = {isa = PBXFileReference; lastKnownFileType = sourcecode.c.h; path = HLFPhotoOperationBar.h; sourceTree = "<group>"; };
		50114178212AD1F300504435 /* HLFPhotoOperationBar.m */ = {isa = PBXFileReference; lastKnownFileType = sourcecode.c.objc; path = HLFPhotoOperationBar.m; sourceTree = "<group>"; };
		5011417B212AD97B00504435 /* UIButton+EasySet.h */ = {isa = PBXFileReference; lastKnownFileType = sourcecode.c.h; path = "UIButton+EasySet.h"; sourceTree = "<group>"; };
		5011417C212AD97B00504435 /* UIButton+EasySet.m */ = {isa = PBXFileReference; lastKnownFileType = sourcecode.c.objc; path = "UIButton+EasySet.m"; sourceTree = "<group>"; };
		5018FBCD20DD45AC0083148E /* UIColorDefine.h */ = {isa = PBXFileReference; fileEncoding = 4; lastKnownFileType = sourcecode.c.h; path = UIColorDefine.h; sourceTree = "<group>"; };
		5018FBCE20DD45AC0083148E /* UIDeviceDefine.h */ = {isa = PBXFileReference; fileEncoding = 4; lastKnownFileType = sourcecode.c.h; path = UIDeviceDefine.h; sourceTree = "<group>"; };
		501A3E912130556900DF7E51 /* GWRoleDataManager.h */ = {isa = PBXFileReference; lastKnownFileType = sourcecode.c.h; path = GWRoleDataManager.h; sourceTree = "<group>"; };
		501A3E922130556900DF7E51 /* GWRoleDataManager.m */ = {isa = PBXFileReference; lastKnownFileType = sourcecode.c.objc; path = GWRoleDataManager.m; sourceTree = "<group>"; };
		501A3E942130576700DF7E51 /* GWRoleDataInfo.h */ = {isa = PBXFileReference; lastKnownFileType = sourcecode.c.h; path = GWRoleDataInfo.h; sourceTree = "<group>"; };
		501A3E952130576700DF7E51 /* GWRoleDataInfo.m */ = {isa = PBXFileReference; lastKnownFileType = sourcecode.c.objc; path = GWRoleDataInfo.m; sourceTree = "<group>"; };
		501EED3520B6E04D003FAD06 /* MainViewController.h */ = {isa = PBXFileReference; lastKnownFileType = sourcecode.c.h; path = MainViewController.h; sourceTree = "<group>"; };
		501EED3620B6E04D003FAD06 /* MainViewController.m */ = {isa = PBXFileReference; lastKnownFileType = sourcecode.c.objc; path = MainViewController.m; sourceTree = "<group>"; };
		5028619820BC34D7006EABBA /* PrefixHeader.pch */ = {isa = PBXFileReference; lastKnownFileType = sourcecode.c.h; path = PrefixHeader.pch; sourceTree = "<group>"; };
		5028619920BC350E006EABBA /* MainToolBean.m */ = {isa = PBXFileReference; fileEncoding = 4; lastKnownFileType = sourcecode.c.objc; path = MainToolBean.m; sourceTree = "<group>"; };
		5028619A20BC350E006EABBA /* MainList.plist */ = {isa = PBXFileReference; fileEncoding = 4; lastKnownFileType = text.plist.xml; path = MainList.plist; sourceTree = "<group>"; };
		5028619B20BC350E006EABBA /* MainTypeBean.h */ = {isa = PBXFileReference; fileEncoding = 4; lastKnownFileType = sourcecode.c.h; path = MainTypeBean.h; sourceTree = "<group>"; };
		5028619C20BC350E006EABBA /* MainTypeBean.m */ = {isa = PBXFileReference; fileEncoding = 4; lastKnownFileType = sourcecode.c.objc; path = MainTypeBean.m; sourceTree = "<group>"; };
		5028619D20BC350E006EABBA /* MainToolBean.h */ = {isa = PBXFileReference; fileEncoding = 4; lastKnownFileType = sourcecode.c.h; path = MainToolBean.h; sourceTree = "<group>"; };
		502A1DBE212A6703009A9069 /* UIView+subView.h */ = {isa = PBXFileReference; fileEncoding = 4; lastKnownFileType = sourcecode.c.h; path = "UIView+subView.h"; sourceTree = "<group>"; };
		502A1DBF212A6703009A9069 /* UIView+subView.m */ = {isa = PBXFileReference; fileEncoding = 4; lastKnownFileType = sourcecode.c.objc; path = "UIView+subView.m"; sourceTree = "<group>"; };
		503D05A8212ABEF600A5308B /* HLFPhotoStitchVC.h */ = {isa = PBXFileReference; lastKnownFileType = sourcecode.c.h; path = HLFPhotoStitchVC.h; sourceTree = "<group>"; };
		503D05A9212ABEF600A5308B /* HLFPhotoStitchVC.m */ = {isa = PBXFileReference; lastKnownFileType = sourcecode.c.objc; path = HLFPhotoStitchVC.m; sourceTree = "<group>"; };
		50448CEB20B6DD0700E4FFD0 /* Easy-All 2.0.app */ = {isa = PBXFileReference; explicitFileType = wrapper.application; includeInIndex = 0; path = "Easy-All 2.0.app"; sourceTree = BUILT_PRODUCTS_DIR; };
		50448CEE20B6DD0700E4FFD0 /* AppDelegate.h */ = {isa = PBXFileReference; lastKnownFileType = sourcecode.c.h; path = AppDelegate.h; sourceTree = "<group>"; };
		50448CEF20B6DD0700E4FFD0 /* AppDelegate.m */ = {isa = PBXFileReference; lastKnownFileType = sourcecode.c.objc; path = AppDelegate.m; sourceTree = "<group>"; };
		50448CF720B6DD0700E4FFD0 /* Assets.xcassets */ = {isa = PBXFileReference; lastKnownFileType = folder.assetcatalog; path = Assets.xcassets; sourceTree = "<group>"; };
		50448CFC20B6DD0700E4FFD0 /* Info.plist */ = {isa = PBXFileReference; lastKnownFileType = text.plist.xml; path = Info.plist; sourceTree = "<group>"; };
		50448CFD20B6DD0700E4FFD0 /* main.m */ = {isa = PBXFileReference; lastKnownFileType = sourcecode.c.objc; path = main.m; sourceTree = "<group>"; };
		504B50792122C00E00514388 /* NSThreadViewController.h */ = {isa = PBXFileReference; lastKnownFileType = sourcecode.c.h; path = NSThreadViewController.h; sourceTree = "<group>"; };
		504B507A2122C00E00514388 /* NSThreadViewController.m */ = {isa = PBXFileReference; lastKnownFileType = sourcecode.c.objc; path = NSThreadViewController.m; sourceTree = "<group>"; };
		504B507E2123FB8200514388 /* HLFViewController.h */ = {isa = PBXFileReference; lastKnownFileType = sourcecode.c.h; path = HLFViewController.h; sourceTree = "<group>"; };
		504B507F2123FB8200514388 /* HLFViewController.m */ = {isa = PBXFileReference; lastKnownFileType = sourcecode.c.objc; path = HLFViewController.m; sourceTree = "<group>"; };
		504B50862126639300514388 /* HLFPhotoHomeVC.h */ = {isa = PBXFileReference; lastKnownFileType = sourcecode.c.h; path = HLFPhotoHomeVC.h; sourceTree = "<group>"; };
		504B50872126639300514388 /* HLFPhotoHomeVC.m */ = {isa = PBXFileReference; lastKnownFileType = sourcecode.c.objc; path = HLFPhotoHomeVC.m; sourceTree = "<group>"; };
		504B5089212663AA00514388 /* HLFPhotoEditVC.h */ = {isa = PBXFileReference; lastKnownFileType = sourcecode.c.h; path = HLFPhotoEditVC.h; sourceTree = "<group>"; };
		504B508A212663AA00514388 /* HLFPhotoEditVC.m */ = {isa = PBXFileReference; lastKnownFileType = sourcecode.c.objc; path = HLFPhotoEditVC.m; sourceTree = "<group>"; };
		505EF67120C62F4B000700AE /* AccountCellInfo.h */ = {isa = PBXFileReference; fileEncoding = 4; lastKnownFileType = sourcecode.c.h; path = AccountCellInfo.h; sourceTree = "<group>"; };
		505EF67220C62F4B000700AE /* AccountCellInfo.m */ = {isa = PBXFileReference; fileEncoding = 4; lastKnownFileType = sourcecode.c.objc; path = AccountCellInfo.m; sourceTree = "<group>"; };
		505EF67320C62F4B000700AE /* AccountInfo.h */ = {isa = PBXFileReference; fileEncoding = 4; lastKnownFileType = sourcecode.c.h; path = AccountInfo.h; sourceTree = "<group>"; };
		505EF67420C62F4B000700AE /* AccountInfo.m */ = {isa = PBXFileReference; fileEncoding = 4; lastKnownFileType = sourcecode.c.objc; path = AccountInfo.m; sourceTree = "<group>"; };
		505EF67520C62F4B000700AE /* AccountManager+Edit.h */ = {isa = PBXFileReference; fileEncoding = 4; lastKnownFileType = sourcecode.c.h; path = "AccountManager+Edit.h"; sourceTree = "<group>"; };
		505EF67620C62F4B000700AE /* AccountManager+Edit.m */ = {isa = PBXFileReference; fileEncoding = 4; lastKnownFileType = sourcecode.c.objc; path = "AccountManager+Edit.m"; sourceTree = "<group>"; };
		505EF67720C62F4B000700AE /* AccountManager.h */ = {isa = PBXFileReference; fileEncoding = 4; lastKnownFileType = sourcecode.c.h; path = AccountManager.h; sourceTree = "<group>"; };
		505EF67820C62F4B000700AE /* AccountManager.m */ = {isa = PBXFileReference; fileEncoding = 4; lastKnownFileType = sourcecode.c.objc; path = AccountManager.m; sourceTree = "<group>"; };
		505EF67A20C62F4B000700AE /* AccountEditNameCell.h */ = {isa = PBXFileReference; fileEncoding = 4; lastKnownFileType = sourcecode.c.h; path = AccountEditNameCell.h; sourceTree = "<group>"; };
		505EF67B20C62F4B000700AE /* AccountEditNameCell.m */ = {isa = PBXFileReference; fileEncoding = 4; lastKnownFileType = sourcecode.c.objc; path = AccountEditNameCell.m; sourceTree = "<group>"; };
		505EF67C20C62F4B000700AE /* AccountEditNormalCell.h */ = {isa = PBXFileReference; fileEncoding = 4; lastKnownFileType = sourcecode.c.h; path = AccountEditNormalCell.h; sourceTree = "<group>"; };
		505EF67D20C62F4B000700AE /* AccountEditNormalCell.m */ = {isa = PBXFileReference; fileEncoding = 4; lastKnownFileType = sourcecode.c.objc; path = AccountEditNormalCell.m; sourceTree = "<group>"; };
		505EF67E20C62F4B000700AE /* AccountEditViewController+CellDelegate.h */ = {isa = PBXFileReference; fileEncoding = 4; lastKnownFileType = sourcecode.c.h; path = "AccountEditViewController+CellDelegate.h"; sourceTree = "<group>"; };
		505EF67F20C62F4B000700AE /* AccountEditViewController+CellDelegate.m */ = {isa = PBXFileReference; fileEncoding = 4; lastKnownFileType = sourcecode.c.objc; path = "AccountEditViewController+CellDelegate.m"; sourceTree = "<group>"; };
		505EF68020C62F4B000700AE /* AccountEditViewController.h */ = {isa = PBXFileReference; fileEncoding = 4; lastKnownFileType = sourcecode.c.h; path = AccountEditViewController.h; sourceTree = "<group>"; };
		505EF68120C62F4B000700AE /* AccountEditViewController.m */ = {isa = PBXFileReference; fileEncoding = 4; lastKnownFileType = sourcecode.c.objc; path = AccountEditViewController.m; sourceTree = "<group>"; };
		505EF68220C62F4B000700AE /* AccountTypeViewController.h */ = {isa = PBXFileReference; fileEncoding = 4; lastKnownFileType = sourcecode.c.h; path = AccountTypeViewController.h; sourceTree = "<group>"; };
		505EF68320C62F4B000700AE /* AccountTypeViewController.m */ = {isa = PBXFileReference; fileEncoding = 4; lastKnownFileType = sourcecode.c.objc; path = AccountTypeViewController.m; sourceTree = "<group>"; };
		505EF68520C62F4B000700AE /* AccountHomeViewController.h */ = {isa = PBXFileReference; fileEncoding = 4; lastKnownFileType = sourcecode.c.h; path = AccountHomeViewController.h; sourceTree = "<group>"; };
		505EF68620C62F4B000700AE /* AccountHomeViewController.m */ = {isa = PBXFileReference; fileEncoding = 4; lastKnownFileType = sourcecode.c.objc; path = AccountHomeViewController.m; sourceTree = "<group>"; };
		505EF68920C62F4B000700AE /* TallyHomeViewController.h */ = {isa = PBXFileReference; fileEncoding = 4; lastKnownFileType = sourcecode.c.h; path = TallyHomeViewController.h; sourceTree = "<group>"; };
		505EF68A20C62F4B000700AE /* TallyHomeViewController.m */ = {isa = PBXFileReference; fileEncoding = 4; lastKnownFileType = sourcecode.c.objc; path = TallyHomeViewController.m; sourceTree = "<group>"; };
		505EF69720C62F6C000700AE /* SDImageViewController.h */ = {isa = PBXFileReference; fileEncoding = 4; lastKnownFileType = sourcecode.c.h; path = SDImageViewController.h; sourceTree = "<group>"; };
		505EF69820C62F6C000700AE /* SDImageViewController.m */ = {isa = PBXFileReference; fileEncoding = 4; lastKnownFileType = sourcecode.c.objc; path = SDImageViewController.m; sourceTree = "<group>"; };
		505EF69A20C62F6C000700AE /* CopyBean.h */ = {isa = PBXFileReference; fileEncoding = 4; lastKnownFileType = sourcecode.c.h; path = CopyBean.h; sourceTree = "<group>"; };
		505EF69B20C62F6C000700AE /* CopyBean.m */ = {isa = PBXFileReference; fileEncoding = 4; lastKnownFileType = sourcecode.c.objc; path = CopyBean.m; sourceTree = "<group>"; };
		505EF69C20C62F6C000700AE /* CopyViewController.h */ = {isa = PBXFileReference; fileEncoding = 4; lastKnownFileType = sourcecode.c.h; path = CopyViewController.h; sourceTree = "<group>"; };
		505EF69D20C62F6C000700AE /* CopyViewController.m */ = {isa = PBXFileReference; fileEncoding = 4; lastKnownFileType = sourcecode.c.objc; path = CopyViewController.m; sourceTree = "<group>"; };
		505EF69F20C62F6C000700AE /* GCDViewController.h */ = {isa = PBXFileReference; fileEncoding = 4; lastKnownFileType = sourcecode.c.h; path = GCDViewController.h; sourceTree = "<group>"; };
		505EF6A020C62F6C000700AE /* GCDViewController.m */ = {isa = PBXFileReference; fileEncoding = 4; lastKnownFileType = sourcecode.c.objc; path = GCDViewController.m; sourceTree = "<group>"; };
		505EF6A220C62F6C000700AE /* KVOBean.h */ = {isa = PBXFileReference; fileEncoding = 4; lastKnownFileType = sourcecode.c.h; path = KVOBean.h; sourceTree = "<group>"; };
		505EF6A320C62F6C000700AE /* KVOBean.m */ = {isa = PBXFileReference; fileEncoding = 4; lastKnownFileType = sourcecode.c.objc; path = KVOBean.m; sourceTree = "<group>"; };
		505EF6A420C62F6C000700AE /* KVOViewController.h */ = {isa = PBXFileReference; fileEncoding = 4; lastKnownFileType = sourcecode.c.h; path = KVOViewController.h; sourceTree = "<group>"; };
		505EF6A520C62F6C000700AE /* KVOViewController.m */ = {isa = PBXFileReference; fileEncoding = 4; lastKnownFileType = sourcecode.c.objc; path = KVOViewController.m; sourceTree = "<group>"; };
		505EF6AD20C62F9A000700AE /* KVCViewController.h */ = {isa = PBXFileReference; lastKnownFileType = sourcecode.c.h; path = KVCViewController.h; sourceTree = "<group>"; };
		505EF6AE20C62F9A000700AE /* KVCViewController.m */ = {isa = PBXFileReference; lastKnownFileType = sourcecode.c.objc; path = KVCViewController.m; sourceTree = "<group>"; };
		505EF6B020C63419000700AE /* KVCTestBean.h */ = {isa = PBXFileReference; lastKnownFileType = sourcecode.c.h; path = KVCTestBean.h; sourceTree = "<group>"; };
		505EF6B120C63419000700AE /* KVCTestBean.m */ = {isa = PBXFileReference; lastKnownFileType = sourcecode.c.objc; path = KVCTestBean.m; sourceTree = "<group>"; };
		506A21B420EC62A20090C03C /* TimeViewController.h */ = {isa = PBXFileReference; lastKnownFileType = sourcecode.c.h; path = TimeViewController.h; sourceTree = "<group>"; };
		506A21B520EC62A20090C03C /* TimeViewController.m */ = {isa = PBXFileReference; lastKnownFileType = sourcecode.c.objc; path = TimeViewController.m; sourceTree = "<group>"; };
		506EBD18212E5398002AD81D /* HLFRGBPoint.h */ = {isa = PBXFileReference; lastKnownFileType = sourcecode.c.h; path = HLFRGBPoint.h; sourceTree = "<group>"; };
		506EBD19212E5398002AD81D /* HLFRGBPoint.m */ = {isa = PBXFileReference; lastKnownFileType = sourcecode.c.objc; path = HLFRGBPoint.m; sourceTree = "<group>"; };
		506EBD1B212E53DA002AD81D /* HLFCheckImage.h */ = {isa = PBXFileReference; lastKnownFileType = sourcecode.c.h; path = HLFCheckImage.h; sourceTree = "<group>"; };
		506EBD1C212E53DA002AD81D /* HLFCheckImage.m */ = {isa = PBXFileReference; lastKnownFileType = sourcecode.c.objc; path = HLFCheckImage.m; sourceTree = "<group>"; };
		506EBD22212EC062002AD81D /* HLFTest.h */ = {isa = PBXFileReference; lastKnownFileType = sourcecode.c.h; path = HLFTest.h; sourceTree = "<group>"; };
		506EBD23212EC062002AD81D /* HLFTest.m */ = {isa = PBXFileReference; lastKnownFileType = sourcecode.c.objc; path = HLFTest.m; sourceTree = "<group>"; };
		506EBD26212EC49F002AD81D /* HLFWebVC.h */ = {isa = PBXFileReference; lastKnownFileType = sourcecode.c.h; path = HLFWebVC.h; sourceTree = "<group>"; };
		506EBD27212EC49F002AD81D /* HLFWebVC.m */ = {isa = PBXFileReference; lastKnownFileType = sourcecode.c.objc; path = HLFWebVC.m; sourceTree = "<group>"; };
		506EBD2D212FF0D0002AD81D /* HLFRunLoopVC.h */ = {isa = PBXFileReference; lastKnownFileType = sourcecode.c.h; path = HLFRunLoopVC.h; sourceTree = "<group>"; };
		506EBD2E212FF0D0002AD81D /* HLFRunLoopVC.m */ = {isa = PBXFileReference; lastKnownFileType = sourcecode.c.objc; path = HLFRunLoopVC.m; sourceTree = "<group>"; };
		509CD30620C8CE1100D29595 /* iPadMainViewController.h */ = {isa = PBXFileReference; lastKnownFileType = sourcecode.c.h; path = iPadMainViewController.h; sourceTree = "<group>"; };
		509CD30720C8CE1100D29595 /* iPadMainViewController.m */ = {isa = PBXFileReference; lastKnownFileType = sourcecode.c.objc; path = iPadMainViewController.m; sourceTree = "<group>"; };
		50C563E821305B1600098FB2 /* RoleData.plist */ = {isa = PBXFileReference; lastKnownFileType = text.plist.xml; path = RoleData.plist; sourceTree = "<group>"; };
		50C563EA2130623E00098FB2 /* RoleDataFormula.h */ = {isa = PBXFileReference; lastKnownFileType = sourcecode.c.h; path = RoleDataFormula.h; sourceTree = "<group>"; };
		50C563EB2130647C00098FB2 /* GWLoadingVC.h */ = {isa = PBXFileReference; lastKnownFileType = sourcecode.c.h; path = GWLoadingVC.h; sourceTree = "<group>"; };
		50C563EC2130647C00098FB2 /* GWLoadingVC.m */ = {isa = PBXFileReference; lastKnownFileType = sourcecode.c.objc; path = GWLoadingVC.m; sourceTree = "<group>"; };
		50C563EF2131B94E00098FB2 /* EquipmentManager.h */ = {isa = PBXFileReference; lastKnownFileType = sourcecode.c.h; path = EquipmentManager.h; sourceTree = "<group>"; };
		50C563F02131B94E00098FB2 /* EquipmentManager.m */ = {isa = PBXFileReference; lastKnownFileType = sourcecode.c.objc; path = EquipmentManager.m; sourceTree = "<group>"; };
		50C563F22131B96500098FB2 /* EquipmentManager+List.h */ = {isa = PBXFileReference; lastKnownFileType = sourcecode.c.h; path = "EquipmentManager+List.h"; sourceTree = "<group>"; };
		50C563F32131B96500098FB2 /* EquipmentManager+List.m */ = {isa = PBXFileReference; lastKnownFileType = sourcecode.c.objc; path = "EquipmentManager+List.m"; sourceTree = "<group>"; };
		50C563F52131B9C500098FB2 /* PlateHelmet.plist */ = {isa = PBXFileReference; lastKnownFileType = text.plist.xml; path = PlateHelmet.plist; sourceTree = "<group>"; };
		50C563F72131BA0700098FB2 /* EquipmentHeader.h */ = {isa = PBXFileReference; lastKnownFileType = sourcecode.c.h; path = EquipmentHeader.h; sourceTree = "<group>"; };
		551BB02320BDBB520004E55B /* MainManager.h */ = {isa = PBXFileReference; lastKnownFileType = sourcecode.c.h; path = MainManager.h; sourceTree = "<group>"; };
		551BB02420BDBB520004E55B /* MainManager.m */ = {isa = PBXFileReference; lastKnownFileType = sourcecode.c.objc; path = MainManager.m; sourceTree = "<group>"; };
		714641612C3BD83443100705 /* Pods-Easy-All 2.0.release.xcconfig */ = {isa = PBXFileReference; includeInIndex = 1; lastKnownFileType = text.xcconfig; name = "Pods-Easy-All 2.0.release.xcconfig"; path = "Pods/Target Support Files/Pods-Easy-All 2.0/Pods-Easy-All 2.0.release.xcconfig"; sourceTree = "<group>"; };
		A7F6158C0B0C30697B3DD5AE /* Pods-Easy-All 2.0.debug.xcconfig */ = {isa = PBXFileReference; includeInIndex = 1; lastKnownFileType = text.xcconfig; name = "Pods-Easy-All 2.0.debug.xcconfig"; path = "Pods/Target Support Files/Pods-Easy-All 2.0/Pods-Easy-All 2.0.debug.xcconfig"; sourceTree = "<group>"; };
		F940BCCFA6EEE85C79177D88 /* libPods-Easy-All 2.0.a */ = {isa = PBXFileReference; explicitFileType = archive.ar; includeInIndex = 0; path = "libPods-Easy-All 2.0.a"; sourceTree = BUILT_PRODUCTS_DIR; };
/* End PBXFileReference section */

/* Begin PBXFrameworksBuildPhase section */
		50448CE820B6DD0700E4FFD0 /* Frameworks */ = {
			isa = PBXFrameworksBuildPhase;
			buildActionMask = 2147483647;
			files = (
				9057B2D420CA5C103DC0D081 /* libPods-Easy-All 2.0.a in Frameworks */,
			);
			runOnlyForDeploymentPostprocessing = 0;
		};
/* End PBXFrameworksBuildPhase section */

/* Begin PBXGroup section */
		2241E9E86A2EC0ED48F7C668 /* Pods */ = {
			isa = PBXGroup;
			children = (
				A7F6158C0B0C30697B3DD5AE /* Pods-Easy-All 2.0.debug.xcconfig */,
				714641612C3BD83443100705 /* Pods-Easy-All 2.0.release.xcconfig */,
			);
			name = Pods;
			sourceTree = "<group>";
		};
		5011416B212ABFAB00504435 /* View */ = {
			isa = PBXGroup;
			children = (
				5011416C212ABFAB00504435 /* Cell */,
				5011416F212ABFAB00504435 /* HLFImageProcessorView.h */,
				50114170212ABFAB00504435 /* HLFImageProcessorView.m */,
				50114171212ABFAB00504435 /* HLFPhotoLineView.h */,
				50114172212ABFAB00504435 /* HLFPhotoLineView.m */,
			);
			path = View;
			sourceTree = "<group>";
		};
		5011416C212ABFAB00504435 /* Cell */ = {
			isa = PBXGroup;
			children = (
				5011416D212ABFAB00504435 /* HLFImageCVCell.h */,
				5011416E212ABFAB00504435 /* HLFImageCVCell.m */,
			);
			path = Cell;
			sourceTree = "<group>";
		};
		50114176212AD1AC00504435 /* View */ = {
			isa = PBXGroup;
			children = (
				50114177212AD1F300504435 /* HLFPhotoOperationBar.h */,
				50114178212AD1F300504435 /* HLFPhotoOperationBar.m */,
			);
			path = View;
			sourceTree = "<group>";
		};
		5011417A212AD8DB00504435 /* UIButton */ = {
			isa = PBXGroup;
			children = (
				5011417B212AD97B00504435 /* UIButton+EasySet.h */,
				5011417C212AD97B00504435 /* UIButton+EasySet.m */,
			);
			path = UIButton;
			sourceTree = "<group>";
		};
		5018FBCC20DD45AC0083148E /* Define */ = {
			isa = PBXGroup;
			children = (
				5018FBCD20DD45AC0083148E /* UIColorDefine.h */,
				5018FBCE20DD45AC0083148E /* UIDeviceDefine.h */,
			);
			path = Define;
			sourceTree = "<group>";
		};
		501A3E8C2130547000DF7E51 /* Group */ = {
			isa = PBXGroup;
			children = (
				501A3E8F2130552F00DF7E51 /* Manager */,
				501A3E8E213054DA00DF7E51 /* CreateRole */,
				501A3E8D213054B700DF7E51 /* Loading */,
			);
			path = Group;
			sourceTree = "<group>";
		};
		501A3E8D213054B700DF7E51 /* Loading */ = {
			isa = PBXGroup;
			children = (
				50C563EB2130647C00098FB2 /* GWLoadingVC.h */,
				50C563EC2130647C00098FB2 /* GWLoadingVC.m */,
			);
			path = Loading;
			sourceTree = "<group>";
		};
		501A3E8E213054DA00DF7E51 /* CreateRole */ = {
			isa = PBXGroup;
			children = (
			);
			path = CreateRole;
			sourceTree = "<group>";
		};
		501A3E8F2130552F00DF7E51 /* Manager */ = {
			isa = PBXGroup;
			children = (
				50C563EE2131B92D00098FB2 /* Equipment */,
				501A3E902130553900DF7E51 /* RoleData */,
			);
			path = Manager;
			sourceTree = "<group>";
		};
		501A3E902130553900DF7E51 /* RoleData */ = {
			isa = PBXGroup;
			children = (
				501A3E912130556900DF7E51 /* GWRoleDataManager.h */,
				501A3E922130556900DF7E51 /* GWRoleDataManager.m */,
				501A3E942130576700DF7E51 /* GWRoleDataInfo.h */,
				501A3E952130576700DF7E51 /* GWRoleDataInfo.m */,
				50C563E821305B1600098FB2 /* RoleData.plist */,
				50C563EA2130623E00098FB2 /* RoleDataFormula.h */,
			);
			path = RoleData;
			sourceTree = "<group>";
		};
		501EED3420B6E033003FAD06 /* Main */ = {
			isa = PBXGroup;
			children = (
				501EED3520B6E04D003FAD06 /* MainViewController.h */,
				501EED3620B6E04D003FAD06 /* MainViewController.m */,
				5028619A20BC350E006EABBA /* MainList.plist */,
				5028619B20BC350E006EABBA /* MainTypeBean.h */,
				5028619C20BC350E006EABBA /* MainTypeBean.m */,
				5028619D20BC350E006EABBA /* MainToolBean.h */,
				5028619920BC350E006EABBA /* MainToolBean.m */,
				551BB02320BDBB520004E55B /* MainManager.h */,
				551BB02420BDBB520004E55B /* MainManager.m */,
			);
			path = Main;
			sourceTree = "<group>";
		};
		502A1DBD212A66F2009A9069 /* UIView */ = {
			isa = PBXGroup;
			children = (
				502A1DBE212A6703009A9069 /* UIView+subView.h */,
				502A1DBF212A6703009A9069 /* UIView+subView.m */,
			);
			path = UIView;
			sourceTree = "<group>";
		};
		503D05A7212ABED500A5308B /* Stitch */ = {
			isa = PBXGroup;
			children = (
				5011416B212ABFAB00504435 /* View */,
				503D05A8212ABEF600A5308B /* HLFPhotoStitchVC.h */,
				503D05A9212ABEF600A5308B /* HLFPhotoStitchVC.m */,
			);
			path = Stitch;
			sourceTree = "<group>";
		};
		50448CE220B6DD0700E4FFD0 = {
			isa = PBXGroup;
			children = (
				50448CED20B6DD0700E4FFD0 /* Easy-All 2.0 */,
				50448CEC20B6DD0700E4FFD0 /* Products */,
				2241E9E86A2EC0ED48F7C668 /* Pods */,
				83266495931E1BBAE607A81D /* Frameworks */,
			);
			sourceTree = "<group>";
		};
		50448CEC20B6DD0700E4FFD0 /* Products */ = {
			isa = PBXGroup;
			children = (
				50448CEB20B6DD0700E4FFD0 /* Easy-All 2.0.app */,
			);
			name = Products;
			sourceTree = "<group>";
		};
		50448CED20B6DD0700E4FFD0 /* Easy-All 2.0 */ = {
			isa = PBXGroup;
			children = (
				504B507C2123FB5800514388 /* Library */,
				5018FBCC20DD45AC0083148E /* Define */,
				509CD30520C8CDFB00D29595 /* iPadMain */,
				505EF66E20C62F2F000700AE /* Tools */,
				505EF66D20C62EFA000700AE /* Test */,
				501EED3420B6E033003FAD06 /* Main */,
				50448CEE20B6DD0700E4FFD0 /* AppDelegate.h */,
				50448CEF20B6DD0700E4FFD0 /* AppDelegate.m */,
				5028619820BC34D7006EABBA /* PrefixHeader.pch */,
				50448CF720B6DD0700E4FFD0 /* Assets.xcassets */,
				50448CFC20B6DD0700E4FFD0 /* Info.plist */,
				50448CFD20B6DD0700E4FFD0 /* main.m */,
			);
			path = "Easy-All 2.0";
			sourceTree = "<group>";
		};
		504B50782122BFFA00514388 /* NSThread */ = {
			isa = PBXGroup;
			children = (
				504B50792122C00E00514388 /* NSThreadViewController.h */,
				504B507A2122C00E00514388 /* NSThreadViewController.m */,
			);
			path = NSThread;
			sourceTree = "<group>";
		};
		504B507C2123FB5800514388 /* Library */ = {
			isa = PBXGroup;
			children = (
				506EBD21212EC03D002AD81D /* HLFTest */,
				506EBD17212E537E002AD81D /* HLFCheckImage */,
				5011417A212AD8DB00504435 /* UIButton */,
				502A1DBD212A66F2009A9069 /* UIView */,
				504B507D2123FB7500514388 /* UIViewController */,
			);
			path = Library;
			sourceTree = "<group>";
		};
		504B507D2123FB7500514388 /* UIViewController */ = {
			isa = PBXGroup;
			children = (
				504B507E2123FB8200514388 /* HLFViewController.h */,
				504B507F2123FB8200514388 /* HLFViewController.m */,
			);
			path = UIViewController;
			sourceTree = "<group>";
		};
		504B50832126634300514388 /* PhotoHanding */ = {
			isa = PBXGroup;
			children = (
				503D05A7212ABED500A5308B /* Stitch */,
				504B50852126637C00514388 /* Edit */,
				504B50842126635800514388 /* Home */,
			);
			path = PhotoHanding;
			sourceTree = "<group>";
		};
		504B50842126635800514388 /* Home */ = {
			isa = PBXGroup;
			children = (
				504B50862126639300514388 /* HLFPhotoHomeVC.h */,
				504B50872126639300514388 /* HLFPhotoHomeVC.m */,
			);
			path = Home;
			sourceTree = "<group>";
		};
		504B50852126637C00514388 /* Edit */ = {
			isa = PBXGroup;
			children = (
				50114176212AD1AC00504435 /* View */,
				504B5089212663AA00514388 /* HLFPhotoEditVC.h */,
				504B508A212663AA00514388 /* HLFPhotoEditVC.m */,
			);
			path = Edit;
			sourceTree = "<group>";
		};
		505EF66D20C62EFA000700AE /* Test */ = {
			isa = PBXGroup;
			children = (
				506EBD2C212FF0BD002AD81D /* RunLoop */,
				506EBD25212EC487002AD81D /* Web */,
				504B50782122BFFA00514388 /* NSThread */,
				506A21B320EC625E0090C03C /* Time */,
				505EF6AC20C62F92000700AE /* KVC */,
				505EF69920C62F6C000700AE /* Copy */,
				505EF69E20C62F6C000700AE /* GCD */,
				505EF6A120C62F6C000700AE /* KVO */,
				505EF69620C62F6C000700AE /* SDImage */,
			);
			path = Test;
			sourceTree = "<group>";
		};
		505EF66E20C62F2F000700AE /* Tools */ = {
			isa = PBXGroup;
			children = (
				501A3E8C2130547000DF7E51 /* Group */,
				504B50832126634300514388 /* PhotoHanding */,
				505EF66F20C62F4B000700AE /* Account */,
				505EF68720C62F4B000700AE /* Tally */,
			);
			path = Tools;
			sourceTree = "<group>";
		};
		505EF66F20C62F4B000700AE /* Account */ = {
			isa = PBXGroup;
			children = (
				505EF67020C62F4B000700AE /* AccountManager */,
				505EF67920C62F4B000700AE /* Edit */,
				505EF68420C62F4B000700AE /* Home */,
			);
			path = Account;
			sourceTree = "<group>";
		};
		505EF67020C62F4B000700AE /* AccountManager */ = {
			isa = PBXGroup;
			children = (
				505EF67120C62F4B000700AE /* AccountCellInfo.h */,
				505EF67220C62F4B000700AE /* AccountCellInfo.m */,
				505EF67320C62F4B000700AE /* AccountInfo.h */,
				505EF67420C62F4B000700AE /* AccountInfo.m */,
				505EF67520C62F4B000700AE /* AccountManager+Edit.h */,
				505EF67620C62F4B000700AE /* AccountManager+Edit.m */,
				505EF67720C62F4B000700AE /* AccountManager.h */,
				505EF67820C62F4B000700AE /* AccountManager.m */,
			);
			path = AccountManager;
			sourceTree = "<group>";
		};
		505EF67920C62F4B000700AE /* Edit */ = {
			isa = PBXGroup;
			children = (
				505EF67A20C62F4B000700AE /* AccountEditNameCell.h */,
				505EF67B20C62F4B000700AE /* AccountEditNameCell.m */,
				505EF67C20C62F4B000700AE /* AccountEditNormalCell.h */,
				505EF67D20C62F4B000700AE /* AccountEditNormalCell.m */,
				505EF67E20C62F4B000700AE /* AccountEditViewController+CellDelegate.h */,
				505EF67F20C62F4B000700AE /* AccountEditViewController+CellDelegate.m */,
				505EF68020C62F4B000700AE /* AccountEditViewController.h */,
				505EF68120C62F4B000700AE /* AccountEditViewController.m */,
				505EF68220C62F4B000700AE /* AccountTypeViewController.h */,
				505EF68320C62F4B000700AE /* AccountTypeViewController.m */,
			);
			path = Edit;
			sourceTree = "<group>";
		};
		505EF68420C62F4B000700AE /* Home */ = {
			isa = PBXGroup;
			children = (
				505EF68520C62F4B000700AE /* AccountHomeViewController.h */,
				505EF68620C62F4B000700AE /* AccountHomeViewController.m */,
			);
			path = Home;
			sourceTree = "<group>";
		};
		505EF68720C62F4B000700AE /* Tally */ = {
			isa = PBXGroup;
			children = (
				505EF68820C62F4B000700AE /* Home */,
			);
			path = Tally;
			sourceTree = "<group>";
		};
		505EF68820C62F4B000700AE /* Home */ = {
			isa = PBXGroup;
			children = (
				505EF68920C62F4B000700AE /* TallyHomeViewController.h */,
				505EF68A20C62F4B000700AE /* TallyHomeViewController.m */,
			);
			path = Home;
			sourceTree = "<group>";
		};
		505EF69620C62F6C000700AE /* SDImage */ = {
			isa = PBXGroup;
			children = (
				505EF69720C62F6C000700AE /* SDImageViewController.h */,
				505EF69820C62F6C000700AE /* SDImageViewController.m */,
			);
			path = SDImage;
			sourceTree = "<group>";
		};
		505EF69920C62F6C000700AE /* Copy */ = {
			isa = PBXGroup;
			children = (
				505EF69A20C62F6C000700AE /* CopyBean.h */,
				505EF69B20C62F6C000700AE /* CopyBean.m */,
				505EF69C20C62F6C000700AE /* CopyViewController.h */,
				505EF69D20C62F6C000700AE /* CopyViewController.m */,
			);
			path = Copy;
			sourceTree = "<group>";
		};
		505EF69E20C62F6C000700AE /* GCD */ = {
			isa = PBXGroup;
			children = (
				505EF69F20C62F6C000700AE /* GCDViewController.h */,
				505EF6A020C62F6C000700AE /* GCDViewController.m */,
			);
			path = GCD;
			sourceTree = "<group>";
		};
		505EF6A120C62F6C000700AE /* KVO */ = {
			isa = PBXGroup;
			children = (
				505EF6A220C62F6C000700AE /* KVOBean.h */,
				505EF6A320C62F6C000700AE /* KVOBean.m */,
				505EF6A420C62F6C000700AE /* KVOViewController.h */,
				505EF6A520C62F6C000700AE /* KVOViewController.m */,
			);
			path = KVO;
			sourceTree = "<group>";
		};
		505EF6AC20C62F92000700AE /* KVC */ = {
			isa = PBXGroup;
			children = (
				505EF6AD20C62F9A000700AE /* KVCViewController.h */,
				505EF6AE20C62F9A000700AE /* KVCViewController.m */,
				505EF6B020C63419000700AE /* KVCTestBean.h */,
				505EF6B120C63419000700AE /* KVCTestBean.m */,
			);
			path = KVC;
			sourceTree = "<group>";
		};
		506A21B320EC625E0090C03C /* Time */ = {
			isa = PBXGroup;
			children = (
				506A21B420EC62A20090C03C /* TimeViewController.h */,
				506A21B520EC62A20090C03C /* TimeViewController.m */,
			);
			path = Time;
			sourceTree = "<group>";
		};
		506EBD17212E537E002AD81D /* HLFCheckImage */ = {
			isa = PBXGroup;
			children = (
				506EBD18212E5398002AD81D /* HLFRGBPoint.h */,
				506EBD19212E5398002AD81D /* HLFRGBPoint.m */,
				506EBD1B212E53DA002AD81D /* HLFCheckImage.h */,
				506EBD1C212E53DA002AD81D /* HLFCheckImage.m */,
			);
			path = HLFCheckImage;
			sourceTree = "<group>";
		};
		506EBD21212EC03D002AD81D /* HLFTest */ = {
			isa = PBXGroup;
			children = (
				506EBD22212EC062002AD81D /* HLFTest.h */,
				506EBD23212EC062002AD81D /* HLFTest.m */,
			);
			path = HLFTest;
			sourceTree = "<group>";
		};
		506EBD25212EC487002AD81D /* Web */ = {
			isa = PBXGroup;
			children = (
				506EBD26212EC49F002AD81D /* HLFWebVC.h */,
				506EBD27212EC49F002AD81D /* HLFWebVC.m */,
			);
			path = Web;
			sourceTree = "<group>";
		};
		506EBD2C212FF0BD002AD81D /* RunLoop */ = {
			isa = PBXGroup;
			children = (
				506EBD2D212FF0D0002AD81D /* HLFRunLoopVC.h */,
				506EBD2E212FF0D0002AD81D /* HLFRunLoopVC.m */,
			);
			path = RunLoop;
			sourceTree = "<group>";
		};
		509CD30520C8CDFB00D29595 /* iPadMain */ = {
			isa = PBXGroup;
			children = (
				509CD30620C8CE1100D29595 /* iPadMainViewController.h */,
				509CD30720C8CE1100D29595 /* iPadMainViewController.m */,
			);
			path = iPadMain;
			sourceTree = "<group>";
		};
		50C563EE2131B92D00098FB2 /* Equipment */ = {
			isa = PBXGroup;
			children = (
				50C563EF2131B94E00098FB2 /* EquipmentManager.h */,
				50C563F02131B94E00098FB2 /* EquipmentManager.m */,
				50C563F22131B96500098FB2 /* EquipmentManager+List.h */,
				50C563F32131B96500098FB2 /* EquipmentManager+List.m */,
				50C563F52131B9C500098FB2 /* PlateHelmet.plist */,
				50C563F72131BA0700098FB2 /* EquipmentHeader.h */,
			);
			path = Equipment;
			sourceTree = "<group>";
		};
		83266495931E1BBAE607A81D /* Frameworks */ = {
			isa = PBXGroup;
			children = (
				F940BCCFA6EEE85C79177D88 /* libPods-Easy-All 2.0.a */,
			);
			name = Frameworks;
			sourceTree = "<group>";
		};
/* End PBXGroup section */

/* Begin PBXNativeTarget section */
		50448CEA20B6DD0700E4FFD0 /* Easy-All 2.0 */ = {
			isa = PBXNativeTarget;
			buildConfigurationList = 50448D0120B6DD0700E4FFD0 /* Build configuration list for PBXNativeTarget "Easy-All 2.0" */;
			buildPhases = (
				AA925041A7B9D81FFFA75FF7 /* [CP] Check Pods Manifest.lock */,
				50448CE720B6DD0700E4FFD0 /* Sources */,
				50448CE820B6DD0700E4FFD0 /* Frameworks */,
				50448CE920B6DD0700E4FFD0 /* Resources */,
				E5FA5C11BAE075ED3E48B13A /* [CP] Embed Pods Frameworks */,
				941C2EC71CAC07AC13CC7302 /* [CP] Copy Pods Resources */,
			);
			buildRules = (
			);
			dependencies = (
			);
			name = "Easy-All 2.0";
			productName = "Easy-All 2.0";
			productReference = 50448CEB20B6DD0700E4FFD0 /* Easy-All 2.0.app */;
			productType = "com.apple.product-type.application";
		};
/* End PBXNativeTarget section */

/* Begin PBXProject section */
		50448CE320B6DD0700E4FFD0 /* Project object */ = {
			isa = PBXProject;
			attributes = {
				LastUpgradeCheck = 0900;
				ORGANIZATIONNAME = "陈舒澳";
				TargetAttributes = {
					50448CEA20B6DD0700E4FFD0 = {
						CreatedOnToolsVersion = 9.0;
						ProvisioningStyle = Automatic;
					};
				};
			};
			buildConfigurationList = 50448CE620B6DD0700E4FFD0 /* Build configuration list for PBXProject "Easy-All 2.0" */;
			compatibilityVersion = "Xcode 8.0";
			developmentRegion = en;
			hasScannedForEncodings = 0;
			knownRegions = (
				en,
				Base,
			);
			mainGroup = 50448CE220B6DD0700E4FFD0;
			productRefGroup = 50448CEC20B6DD0700E4FFD0 /* Products */;
			projectDirPath = "";
			projectRoot = "";
			targets = (
				50448CEA20B6DD0700E4FFD0 /* Easy-All 2.0 */,
			);
		};
/* End PBXProject section */

/* Begin PBXResourcesBuildPhase section */
		50448CE920B6DD0700E4FFD0 /* Resources */ = {
			isa = PBXResourcesBuildPhase;
			buildActionMask = 2147483647;
			files = (
				50C563F62131B9C500098FB2 /* PlateHelmet.plist in Resources */,
				50448CF820B6DD0700E4FFD0 /* Assets.xcassets in Resources */,
				50C563E921305B1600098FB2 /* RoleData.plist in Resources */,
				5028619F20BC350E006EABBA /* MainList.plist in Resources */,
			);
			runOnlyForDeploymentPostprocessing = 0;
		};
/* End PBXResourcesBuildPhase section */

/* Begin PBXShellScriptBuildPhase section */
		941C2EC71CAC07AC13CC7302 /* [CP] Copy Pods Resources */ = {
			isa = PBXShellScriptBuildPhase;
			buildActionMask = 2147483647;
			files = (
			);
			inputPaths = (
			);
			name = "[CP] Copy Pods Resources";
			outputPaths = (
			);
			runOnlyForDeploymentPostprocessing = 0;
			shellPath = /bin/sh;
			shellScript = "\"${SRCROOT}/Pods/Target Support Files/Pods-Easy-All 2.0/Pods-Easy-All 2.0-resources.sh\"\n";
			showEnvVarsInLog = 0;
		};
		AA925041A7B9D81FFFA75FF7 /* [CP] Check Pods Manifest.lock */ = {
			isa = PBXShellScriptBuildPhase;
			buildActionMask = 2147483647;
			files = (
			);
			inputPaths = (
				"${PODS_PODFILE_DIR_PATH}/Podfile.lock",
				"${PODS_ROOT}/Manifest.lock",
			);
			name = "[CP] Check Pods Manifest.lock";
			outputPaths = (
				"$(DERIVED_FILE_DIR)/Pods-Easy-All 2.0-checkManifestLockResult.txt",
			);
			runOnlyForDeploymentPostprocessing = 0;
			shellPath = /bin/sh;
			shellScript = "diff \"${PODS_PODFILE_DIR_PATH}/Podfile.lock\" \"${PODS_ROOT}/Manifest.lock\" > /dev/null\nif [ $? != 0 ] ; then\n    # print error to STDERR\n    echo \"error: The sandbox is not in sync with the Podfile.lock. Run 'pod install' or update your CocoaPods installation.\" >&2\n    exit 1\nfi\n# This output is used by Xcode 'outputs' to avoid re-running this script phase.\necho \"SUCCESS\" > \"${SCRIPT_OUTPUT_FILE_0}\"\n";
			showEnvVarsInLog = 0;
		};
		E5FA5C11BAE075ED3E48B13A /* [CP] Embed Pods Frameworks */ = {
			isa = PBXShellScriptBuildPhase;
			buildActionMask = 2147483647;
			files = (
			);
			inputPaths = (
			);
			name = "[CP] Embed Pods Frameworks";
			outputPaths = (
			);
			runOnlyForDeploymentPostprocessing = 0;
			shellPath = /bin/sh;
			shellScript = "\"${SRCROOT}/Pods/Target Support Files/Pods-Easy-All 2.0/Pods-Easy-All 2.0-frameworks.sh\"\n";
			showEnvVarsInLog = 0;
		};
/* End PBXShellScriptBuildPhase section */

/* Begin PBXSourcesBuildPhase section */
		50448CE720B6DD0700E4FFD0 /* Sources */ = {
			isa = PBXSourcesBuildPhase;
			buildActionMask = 2147483647;
			files = (
				5011417D212AD97B00504435 /* UIButton+EasySet.m in Sources */,
				504B50802123FB8200514388 /* HLFViewController.m in Sources */,
				505EF6AA20C62F6C000700AE /* KVOBean.m in Sources */,
				505EF68B20C62F4B000700AE /* AccountCellInfo.m in Sources */,
				506A21B620EC62A20090C03C /* TimeViewController.m in Sources */,
				50114175212ABFAB00504435 /* HLFPhotoLineView.m in Sources */,
				505EF68E20C62F4B000700AE /* AccountManager.m in Sources */,
				50C563F42131B96500098FB2 /* EquipmentManager+List.m in Sources */,
				509CD30820C8CE1100D29595 /* iPadMainViewController.m in Sources */,
				505EF6AB20C62F6C000700AE /* KVOViewController.m in Sources */,
				505EF68C20C62F4B000700AE /* AccountInfo.m in Sources */,
				505EF68F20C62F4B000700AE /* AccountEditNameCell.m in Sources */,
				505EF6A920C62F6C000700AE /* GCDViewController.m in Sources */,
				505EF69520C62F4B000700AE /* TallyHomeViewController.m in Sources */,
				505EF6B220C63419000700AE /* KVCTestBean.m in Sources */,
				504B507B2122C00E00514388 /* NSThreadViewController.m in Sources */,
				505EF6A820C62F6C000700AE /* CopyViewController.m in Sources */,
				505EF6AF20C62F9A000700AE /* KVCViewController.m in Sources */,
				50C563ED2130647C00098FB2 /* GWLoadingVC.m in Sources */,
				505EF6A620C62F6C000700AE /* SDImageViewController.m in Sources */,
				505EF68D20C62F4B000700AE /* AccountManager+Edit.m in Sources */,
				502A1DC0212A6703009A9069 /* UIView+subView.m in Sources */,
				50448CFE20B6DD0700E4FFD0 /* main.m in Sources */,
				50C563F12131B94E00098FB2 /* EquipmentManager.m in Sources */,
				501A3E962130576700DF7E51 /* GWRoleDataInfo.m in Sources */,
				501A3E932130556900DF7E51 /* GWRoleDataManager.m in Sources */,
				505EF69220C62F4B000700AE /* AccountEditViewController.m in Sources */,
				501EED3720B6E04D003FAD06 /* MainViewController.m in Sources */,
				551BB02520BDBB520004E55B /* MainManager.m in Sources */,
				502861A020BC350E006EABBA /* MainTypeBean.m in Sources */,
				506EBD24212EC062002AD81D /* HLFTest.m in Sources */,
				5028619E20BC350E006EABBA /* MainToolBean.m in Sources */,
				505EF69420C62F4B000700AE /* AccountHomeViewController.m in Sources */,
				50114179212AD1F300504435 /* HLFPhotoOperationBar.m in Sources */,
				505EF69020C62F4B000700AE /* AccountEditNormalCell.m in Sources */,
				505EF69320C62F4B000700AE /* AccountTypeViewController.m in Sources */,
				505EF69120C62F4B000700AE /* AccountEditViewController+CellDelegate.m in Sources */,
				505EF6A720C62F6C000700AE /* CopyBean.m in Sources */,
				504B508B212663AA00514388 /* HLFPhotoEditVC.m in Sources */,
				506EBD28212EC49F002AD81D /* HLFWebVC.m in Sources */,
				506EBD2F212FF0D0002AD81D /* HLFRunLoopVC.m in Sources */,
				506EBD1A212E5398002AD81D /* HLFRGBPoint.m in Sources */,
				503D05AA212ABEF600A5308B /* HLFPhotoStitchVC.m in Sources */,
				50114174212ABFAB00504435 /* HLFImageProcessorView.m in Sources */,
				50114173212ABFAB00504435 /* HLFImageCVCell.m in Sources */,
				506EBD1D212E53DA002AD81D /* HLFCheckImage.m in Sources */,
				504B50882126639300514388 /* HLFPhotoHomeVC.m in Sources */,
				50448CF020B6DD0700E4FFD0 /* AppDelegate.m in Sources */,
			);
			runOnlyForDeploymentPostprocessing = 0;
		};
/* End PBXSourcesBuildPhase section */

/* Begin XCBuildConfiguration section */
		50448CFF20B6DD0700E4FFD0 /* Debug */ = {
			isa = XCBuildConfiguration;
			buildSettings = {
				ALWAYS_SEARCH_USER_PATHS = NO;
				CLANG_ANALYZER_NONNULL = YES;
				CLANG_ANALYZER_NUMBER_OBJECT_CONVERSION = YES_AGGRESSIVE;
				CLANG_CXX_LANGUAGE_STANDARD = "gnu++14";
				CLANG_CXX_LIBRARY = "libc++";
				CLANG_ENABLE_MODULES = YES;
				CLANG_ENABLE_OBJC_ARC = YES;
				CLANG_WARN_BLOCK_CAPTURE_AUTORELEASING = YES;
				CLANG_WARN_BOOL_CONVERSION = YES;
				CLANG_WARN_COMMA = YES;
				CLANG_WARN_CONSTANT_CONVERSION = YES;
				CLANG_WARN_DIRECT_OBJC_ISA_USAGE = YES_ERROR;
				CLANG_WARN_DOCUMENTATION_COMMENTS = YES;
				CLANG_WARN_EMPTY_BODY = YES;
				CLANG_WARN_ENUM_CONVERSION = YES;
				CLANG_WARN_INFINITE_RECURSION = YES;
				CLANG_WARN_INT_CONVERSION = YES;
				CLANG_WARN_NON_LITERAL_NULL_CONVERSION = YES;
				CLANG_WARN_OBJC_LITERAL_CONVERSION = YES;
				CLANG_WARN_OBJC_ROOT_CLASS = YES_ERROR;
				CLANG_WARN_RANGE_LOOP_ANALYSIS = YES;
				CLANG_WARN_STRICT_PROTOTYPES = YES;
				CLANG_WARN_SUSPICIOUS_MOVE = YES;
				CLANG_WARN_UNGUARDED_AVAILABILITY = YES_AGGRESSIVE;
				CLANG_WARN_UNREACHABLE_CODE = YES;
				CLANG_WARN__DUPLICATE_METHOD_MATCH = YES;
				CODE_SIGN_IDENTITY = "iPhone Developer";
				COPY_PHASE_STRIP = NO;
				DEBUG_INFORMATION_FORMAT = dwarf;
				ENABLE_STRICT_OBJC_MSGSEND = YES;
				ENABLE_TESTABILITY = YES;
				GCC_C_LANGUAGE_STANDARD = gnu11;
				GCC_DYNAMIC_NO_PIC = NO;
				GCC_NO_COMMON_BLOCKS = YES;
				GCC_OPTIMIZATION_LEVEL = 0;
				GCC_PREPROCESSOR_DEFINITIONS = (
					"DEBUG=1",
					"$(inherited)",
				);
				GCC_WARN_64_TO_32_BIT_CONVERSION = YES;
				GCC_WARN_ABOUT_RETURN_TYPE = YES_ERROR;
				GCC_WARN_UNDECLARED_SELECTOR = YES;
				GCC_WARN_UNINITIALIZED_AUTOS = YES_AGGRESSIVE;
				GCC_WARN_UNUSED_FUNCTION = YES;
				GCC_WARN_UNUSED_VARIABLE = YES;
				IPHONEOS_DEPLOYMENT_TARGET = 11.0;
				MTL_ENABLE_DEBUG_INFO = YES;
				ONLY_ACTIVE_ARCH = YES;
				SDKROOT = iphoneos;
			};
			name = Debug;
		};
		50448D0020B6DD0700E4FFD0 /* Release */ = {
			isa = XCBuildConfiguration;
			buildSettings = {
				ALWAYS_SEARCH_USER_PATHS = NO;
				CLANG_ANALYZER_NONNULL = YES;
				CLANG_ANALYZER_NUMBER_OBJECT_CONVERSION = YES_AGGRESSIVE;
				CLANG_CXX_LANGUAGE_STANDARD = "gnu++14";
				CLANG_CXX_LIBRARY = "libc++";
				CLANG_ENABLE_MODULES = YES;
				CLANG_ENABLE_OBJC_ARC = YES;
				CLANG_WARN_BLOCK_CAPTURE_AUTORELEASING = YES;
				CLANG_WARN_BOOL_CONVERSION = YES;
				CLANG_WARN_COMMA = YES;
				CLANG_WARN_CONSTANT_CONVERSION = YES;
				CLANG_WARN_DIRECT_OBJC_ISA_USAGE = YES_ERROR;
				CLANG_WARN_DOCUMENTATION_COMMENTS = YES;
				CLANG_WARN_EMPTY_BODY = YES;
				CLANG_WARN_ENUM_CONVERSION = YES;
				CLANG_WARN_INFINITE_RECURSION = YES;
				CLANG_WARN_INT_CONVERSION = YES;
				CLANG_WARN_NON_LITERAL_NULL_CONVERSION = YES;
				CLANG_WARN_OBJC_LITERAL_CONVERSION = YES;
				CLANG_WARN_OBJC_ROOT_CLASS = YES_ERROR;
				CLANG_WARN_RANGE_LOOP_ANALYSIS = YES;
				CLANG_WARN_STRICT_PROTOTYPES = YES;
				CLANG_WARN_SUSPICIOUS_MOVE = YES;
				CLANG_WARN_UNGUARDED_AVAILABILITY = YES_AGGRESSIVE;
				CLANG_WARN_UNREACHABLE_CODE = YES;
				CLANG_WARN__DUPLICATE_METHOD_MATCH = YES;
				CODE_SIGN_IDENTITY = "iPhone Developer";
				COPY_PHASE_STRIP = NO;
				DEBUG_INFORMATION_FORMAT = "dwarf-with-dsym";
				ENABLE_NS_ASSERTIONS = NO;
				ENABLE_STRICT_OBJC_MSGSEND = YES;
				GCC_C_LANGUAGE_STANDARD = gnu11;
				GCC_NO_COMMON_BLOCKS = YES;
				GCC_WARN_64_TO_32_BIT_CONVERSION = YES;
				GCC_WARN_ABOUT_RETURN_TYPE = YES_ERROR;
				GCC_WARN_UNDECLARED_SELECTOR = YES;
				GCC_WARN_UNINITIALIZED_AUTOS = YES_AGGRESSIVE;
				GCC_WARN_UNUSED_FUNCTION = YES;
				GCC_WARN_UNUSED_VARIABLE = YES;
				IPHONEOS_DEPLOYMENT_TARGET = 11.0;
				MTL_ENABLE_DEBUG_INFO = NO;
				SDKROOT = iphoneos;
				VALIDATE_PRODUCT = YES;
			};
			name = Release;
		};
		50448D0220B6DD0700E4FFD0 /* Debug */ = {
			isa = XCBuildConfiguration;
			baseConfigurationReference = A7F6158C0B0C30697B3DD5AE /* Pods-Easy-All 2.0.debug.xcconfig */;
			buildSettings = {
				ASSETCATALOG_COMPILER_APPICON_NAME = AppIcon;
				ASSETCATALOG_COMPILER_LAUNCHIMAGE_NAME = LaunchImage;
				CODE_SIGN_IDENTITY = "iPhone Developer";
				"CODE_SIGN_IDENTITY[sdk=iphoneos*]" = "iPhone Developer";
				CODE_SIGN_STYLE = Automatic;
				DEVELOPMENT_TEAM = UNB348Y3D7;
				GCC_PREFIX_HEADER = "Easy-All 2.0/PrefixHeader.pch";
				INFOPLIST_FILE = "Easy-All 2.0/Info.plist";
				IPHONEOS_DEPLOYMENT_TARGET = 8.0;
				LD_RUNPATH_SEARCH_PATHS = "$(inherited) @executable_path/Frameworks";
				PRODUCT_BUNDLE_IDENTIFIER = com.chen.EasyAll2.0;
				PRODUCT_NAME = "$(TARGET_NAME)";
				PROVISIONING_PROFILE = "";
				PROVISIONING_PROFILE_SPECIFIER = "";
				TARGETED_DEVICE_FAMILY = "1,2";
				USER_HEADER_SEARCH_PATHS = "$(PODS_ROOT)/**";
			};
			name = Debug;
		};
		50448D0320B6DD0700E4FFD0 /* Release */ = {
			isa = XCBuildConfiguration;
			baseConfigurationReference = 714641612C3BD83443100705 /* Pods-Easy-All 2.0.release.xcconfig */;
			buildSettings = {
				ASSETCATALOG_COMPILER_APPICON_NAME = AppIcon;
				ASSETCATALOG_COMPILER_LAUNCHIMAGE_NAME = LaunchImage;
				CODE_SIGN_IDENTITY = "iPhone Developer";
				"CODE_SIGN_IDENTITY[sdk=iphoneos*]" = "iPhone Developer";
				CODE_SIGN_STYLE = Automatic;
				DEVELOPMENT_TEAM = UNB348Y3D7;
				GCC_PREFIX_HEADER = "Easy-All 2.0/PrefixHeader.pch";
				INFOPLIST_FILE = "Easy-All 2.0/Info.plist";
				IPHONEOS_DEPLOYMENT_TARGET = 8.0;
				LD_RUNPATH_SEARCH_PATHS = "$(inherited) @executable_path/Frameworks";
				PRODUCT_BUNDLE_IDENTIFIER = com.chen.EasyAll2.0;
				PRODUCT_NAME = "$(TARGET_NAME)";
				PROVISIONING_PROFILE = "";
				PROVISIONING_PROFILE_SPECIFIER = "";
				TARGETED_DEVICE_FAMILY = "1,2";
				USER_HEADER_SEARCH_PATHS = "$(PODS_ROOT)/**";
			};
			name = Release;
		};
/* End XCBuildConfiguration section */

/* Begin XCConfigurationList section */
		50448CE620B6DD0700E4FFD0 /* Build configuration list for PBXProject "Easy-All 2.0" */ = {
			isa = XCConfigurationList;
			buildConfigurations = (
				50448CFF20B6DD0700E4FFD0 /* Debug */,
				50448D0020B6DD0700E4FFD0 /* Release */,
			);
			defaultConfigurationIsVisible = 0;
			defaultConfigurationName = Release;
		};
		50448D0120B6DD0700E4FFD0 /* Build configuration list for PBXNativeTarget "Easy-All 2.0" */ = {
			isa = XCConfigurationList;
			buildConfigurations = (
				50448D0220B6DD0700E4FFD0 /* Debug */,
				50448D0320B6DD0700E4FFD0 /* Release */,
			);
			defaultConfigurationIsVisible = 0;
			defaultConfigurationName = Release;
		};
/* End XCConfigurationList section */
	};
	rootObject = 50448CE320B6DD0700E4FFD0 /* Project object */;
}
